
Microsoft Visual Studio Solution File, Format Version 12.00
# Visual Studio 2012
Project("{FAE04EC0-301F-11D3-BF4B-00C04F79EFBC}") = "Slash.Tools.BlueprintEditor.WPF", "Slash.Tools.BlueprintEditor.WPF\Slash.Tools.BlueprintEditor.WPF.csproj", "{6B9BABE2-4D7F-4BC9-B5AD-587538C6EDEC}"
EndProject
Project("{FAE04EC0-301F-11D3-BF4B-00C04F79EFBC}") = "Slash.Tools.BlueprintEditor.Logic", "Slash.Tools.BlueprintEditor.Logic\Slash.Tools.BlueprintEditor.Logic.csproj", "{57BDCC2E-453D-4593-9467-39FC5C90141E}"
EndProject
Project("{FAE04EC0-301F-11D3-BF4B-00C04F79EFBC}") = "Slash.GameBase", "%SLASH_FRAMEWORK_HOME%Source\Slash.GameBase\Slash.GameBase.csproj", "{8A6E1D65-C56C-4F71-9991-6AE99E8D5080}"
EndProject
Project("{FAE04EC0-301F-11D3-BF4B-00C04F79EFBC}") = "Slash.Collections", "%SLASH_FRAMEWORK_HOME%Source\Slash.Collections\Slash.Collections.csproj", "{03F9A6F7-F402-4581-B748-FA51BF3B1B82}"
EndProject
Project("{FAE04EC0-301F-11D3-BF4B-00C04F79EFBC}") = "Slash.Diagnostics", "%SLASH_FRAMEWORK_HOME%Source\Slash.Diagnostics\Slash.Diagnostics.csproj", "{E155097A-6A57-498E-A707-F852AA672111}"
EndProject
Project("{FAE04EC0-301F-11D3-BF4B-00C04F79EFBC}") = "Slash.Serialization", "..\..\Source\Slash.Serialization\Slash.Serialization.csproj", "{C92C88B0-5268-443B-B32F-CC2A6D686C51}"
EndProject
Project("{FAE04EC0-301F-11D3-BF4B-00C04F79EFBC}") = "Slash.Reflection", "..\..\Source\Slash.Reflection\Slash.Reflection.csproj", "{49A6D476-F045-42B3-8FFC-A67B3F9BB073}"
EndProject
Project("{FAE04EC0-301F-11D3-BF4B-00C04F79EFBC}") = "Slash.GameBase.Tests", "..\..\Source\Slash.GameBase.Tests\Slash.GameBase.Tests.csproj", "{C329C9AD-95E9-4A10-8A6A-61B5944FC676}"
EndProject
Project("{FAE04EC0-301F-11D3-BF4B-00C04F79EFBC}") = "Slash.Tests", "..\..\Source\Slash.Tests\Slash.Tests.csproj", "{8E13A2AF-DA04-44F3-A097-4D69ADB0592E}"
EndProject
Project("{FAE04EC0-301F-11D3-BF4B-00C04F79EFBC}") = "Slash.Serialization.Tests", "..\..\Source\Slash.Serialization.Tests\Slash.Serialization.Tests.csproj", "{FF7075FC-5B0D-43F3-A7AD-C81A217F594D}"
EndProject
Project("{FAE04EC0-301F-11D3-BF4B-00C04F79EFBC}") = "Slash.Collections.Tests", "..\..\Source\Slash.Collections.Tests\Slash.Collections.Tests.csproj", "{7EA73F8E-AB74-4DDA-9C17-8BE953DD16F2}"
EndProject
Project("{FAE04EC0-301F-11D3-BF4B-00C04F79EFBC}") = "Slash.Tools.BlueprintEditor.SampleProject", "Slash.Tools.BlueprintEditor.SampleProject\Slash.Tools.BlueprintEditor.SampleProject.csproj", "{D713949F-6F11-4667-B316-101E5575E88A}"
EndProject
Project("{FAE04EC0-301F-11D3-BF4B-00C04F79EFBC}") = "Slash.System", "..\..\Source\Slash.System\Slash.System.csproj", "{2929B671-2BB6-4FF7-BAD8-AA296C4F6E0C}"
EndProject
Global
	GlobalSection(SolutionConfigurationPlatforms) = preSolution
		Debug NoLog4Net|Any CPU = Debug NoLog4Net|Any CPU
		Debug|Any CPU = Debug|Any CPU
		Release NoLog4Net|Any CPU = Release NoLog4Net|Any CPU
		Release|Any CPU = Release|Any CPU
	EndGlobalSection
	GlobalSection(ProjectConfigurationPlatforms) = postSolution
		{6B9BABE2-4D7F-4BC9-B5AD-587538C6EDEC}.Debug NoLog4Net|Any CPU.ActiveCfg = Debug|Any CPU
		{6B9BABE2-4D7F-4BC9-B5AD-587538C6EDEC}.Debug NoLog4Net|Any CPU.Build.0 = Debug|Any CPU
		{6B9BABE2-4D7F-4BC9-B5AD-587538C6EDEC}.Debug|Any CPU.ActiveCfg = Debug|Any CPU
		{6B9BABE2-4D7F-4BC9-B5AD-587538C6EDEC}.Debug|Any CPU.Build.0 = Debug|Any CPU
		{6B9BABE2-4D7F-4BC9-B5AD-587538C6EDEC}.Release NoLog4Net|Any CPU.ActiveCfg = Release|Any CPU
		{6B9BABE2-4D7F-4BC9-B5AD-587538C6EDEC}.Release NoLog4Net|Any CPU.Build.0 = Release|Any CPU
		{6B9BABE2-4D7F-4BC9-B5AD-587538C6EDEC}.Release|Any CPU.ActiveCfg = Release|Any CPU
		{6B9BABE2-4D7F-4BC9-B5AD-587538C6EDEC}.Release|Any CPU.Build.0 = Release|Any CPU
		{57BDCC2E-453D-4593-9467-39FC5C90141E}.Debug NoLog4Net|Any CPU.ActiveCfg = Debug|Any CPU
		{57BDCC2E-453D-4593-9467-39FC5C90141E}.Debug NoLog4Net|Any CPU.Build.0 = Debug|Any CPU
		{57BDCC2E-453D-4593-9467-39FC5C90141E}.Debug|Any CPU.ActiveCfg = Debug|Any CPU
		{57BDCC2E-453D-4593-9467-39FC5C90141E}.Debug|Any CPU.Build.0 = Debug|Any CPU
		{57BDCC2E-453D-4593-9467-39FC5C90141E}.Release NoLog4Net|Any CPU.ActiveCfg = Release|Any CPU
		{57BDCC2E-453D-4593-9467-39FC5C90141E}.Release NoLog4Net|Any CPU.Build.0 = Release|Any CPU
		{57BDCC2E-453D-4593-9467-39FC5C90141E}.Release|Any CPU.ActiveCfg = Release|Any CPU
		{57BDCC2E-453D-4593-9467-39FC5C90141E}.Release|Any CPU.Build.0 = Release|Any CPU
		{8A6E1D65-C56C-4F71-9991-6AE99E8D5080}.Debug NoLog4Net|Any CPU.ActiveCfg = Debug|Any CPU
		{8A6E1D65-C56C-4F71-9991-6AE99E8D5080}.Debug NoLog4Net|Any CPU.Build.0 = Debug|Any CPU
		{8A6E1D65-C56C-4F71-9991-6AE99E8D5080}.Debug|Any CPU.ActiveCfg = Debug|Any CPU
		{8A6E1D65-C56C-4F71-9991-6AE99E8D5080}.Debug|Any CPU.Build.0 = Debug|Any CPU
		{8A6E1D65-C56C-4F71-9991-6AE99E8D5080}.Release NoLog4Net|Any CPU.ActiveCfg = Release|Any CPU
		{8A6E1D65-C56C-4F71-9991-6AE99E8D5080}.Release NoLog4Net|Any CPU.Build.0 = Release|Any CPU
		{8A6E1D65-C56C-4F71-9991-6AE99E8D5080}.Release|Any CPU.ActiveCfg = Release|Any CPU
		{8A6E1D65-C56C-4F71-9991-6AE99E8D5080}.Release|Any CPU.Build.0 = Release|Any CPU
		{03F9A6F7-F402-4581-B748-FA51BF3B1B82}.Debug NoLog4Net|Any CPU.ActiveCfg = Debug|Any CPU
		{03F9A6F7-F402-4581-B748-FA51BF3B1B82}.Debug NoLog4Net|Any CPU.Build.0 = Debug|Any CPU
		{03F9A6F7-F402-4581-B748-FA51BF3B1B82}.Debug|Any CPU.ActiveCfg = Debug|Any CPU
		{03F9A6F7-F402-4581-B748-FA51BF3B1B82}.Debug|Any CPU.Build.0 = Debug|Any CPU
		{03F9A6F7-F402-4581-B748-FA51BF3B1B82}.Release NoLog4Net|Any CPU.ActiveCfg = Release|Any CPU
		{03F9A6F7-F402-4581-B748-FA51BF3B1B82}.Release NoLog4Net|Any CPU.Build.0 = Release|Any CPU
		{03F9A6F7-F402-4581-B748-FA51BF3B1B82}.Release|Any CPU.ActiveCfg = Release|Any CPU
		{03F9A6F7-F402-4581-B748-FA51BF3B1B82}.Release|Any CPU.Build.0 = Release|Any CPU
		{E155097A-6A57-498E-A707-F852AA672111}.Debug NoLog4Net|Any CPU.ActiveCfg = Debug NoLog4Net|Any CPU
		{E155097A-6A57-498E-A707-F852AA672111}.Debug NoLog4Net|Any CPU.Build.0 = Debug NoLog4Net|Any CPU
		{E155097A-6A57-498E-A707-F852AA672111}.Debug|Any CPU.ActiveCfg = Debug|Any CPU
		{E155097A-6A57-498E-A707-F852AA672111}.Debug|Any CPU.Build.0 = Debug|Any CPU
		{E155097A-6A57-498E-A707-F852AA672111}.Release NoLog4Net|Any CPU.ActiveCfg = Release NoLog4Net|Any CPU
		{E155097A-6A57-498E-A707-F852AA672111}.Release NoLog4Net|Any CPU.Build.0 = Release NoLog4Net|Any CPU
		{E155097A-6A57-498E-A707-F852AA672111}.Release|Any CPU.ActiveCfg = Release|Any CPU
		{E155097A-6A57-498E-A707-F852AA672111}.Release|Any CPU.Build.0 = Release|Any CPU
		{C92C88B0-5268-443B-B32F-CC2A6D686C51}.Debug NoLog4Net|Any CPU.ActiveCfg = Debug|Any CPU
		{C92C88B0-5268-443B-B32F-CC2A6D686C51}.Debug NoLog4Net|Any CPU.Build.0 = Debug|Any CPU
		{C92C88B0-5268-443B-B32F-CC2A6D686C51}.Debug|Any CPU.ActiveCfg = Debug|Any CPU
		{C92C88B0-5268-443B-B32F-CC2A6D686C51}.Debug|Any CPU.Build.0 = Debug|Any CPU
		{C92C88B0-5268-443B-B32F-CC2A6D686C51}.Release NoLog4Net|Any CPU.ActiveCfg = Release|Any CPU
		{C92C88B0-5268-443B-B32F-CC2A6D686C51}.Release NoLog4Net|Any CPU.Build.0 = Release|Any CPU
		{C92C88B0-5268-443B-B32F-CC2A6D686C51}.Release|Any CPU.ActiveCfg = Release|Any CPU
		{C92C88B0-5268-443B-B32F-CC2A6D686C51}.Release|Any CPU.Build.0 = Release|Any CPU
		{49A6D476-F045-42B3-8FFC-A67B3F9BB073}.Debug NoLog4Net|Any CPU.ActiveCfg = Debug|Any CPU
		{49A6D476-F045-42B3-8FFC-A67B3F9BB073}.Debug NoLog4Net|Any CPU.Build.0 = Debug|Any CPU
		{49A6D476-F045-42B3-8FFC-A67B3F9BB073}.Debug|Any CPU.ActiveCfg = Debug|Any CPU
		{49A6D476-F045-42B3-8FFC-A67B3F9BB073}.Debug|Any CPU.Build.0 = Debug|Any CPU
		{49A6D476-F045-42B3-8FFC-A67B3F9BB073}.Release NoLog4Net|Any CPU.ActiveCfg = Release|Any CPU
		{49A6D476-F045-42B3-8FFC-A67B3F9BB073}.Release NoLog4Net|Any CPU.Build.0 = Release|Any CPU
		{49A6D476-F045-42B3-8FFC-A67B3F9BB073}.Release|Any CPU.ActiveCfg = Release|Any CPU
		{49A6D476-F045-42B3-8FFC-A67B3F9BB073}.Release|Any CPU.Build.0 = Release|Any CPU
		{C329C9AD-95E9-4A10-8A6A-61B5944FC676}.Debug NoLog4Net|Any CPU.ActiveCfg = Debug|Any CPU
		{C329C9AD-95E9-4A10-8A6A-61B5944FC676}.Debug NoLog4Net|Any CPU.Build.0 = Debug|Any CPU
		{C329C9AD-95E9-4A10-8A6A-61B5944FC676}.Debug|Any CPU.ActiveCfg = Debug|Any CPU
		{C329C9AD-95E9-4A10-8A6A-61B5944FC676}.Debug|Any CPU.Build.0 = Debug|Any CPU
		{C329C9AD-95E9-4A10-8A6A-61B5944FC676}.Release NoLog4Net|Any CPU.ActiveCfg = Release|Any CPU
		{C329C9AD-95E9-4A10-8A6A-61B5944FC676}.Release NoLog4Net|Any CPU.Build.0 = Release|Any CPU
		{C329C9AD-95E9-4A10-8A6A-61B5944FC676}.Release|Any CPU.ActiveCfg = Release|Any CPU
		{C329C9AD-95E9-4A10-8A6A-61B5944FC676}.Release|Any CPU.Build.0 = Release|Any CPU
		{8E13A2AF-DA04-44F3-A097-4D69ADB0592E}.Debug NoLog4Net|Any CPU.ActiveCfg = Debug|Any CPU
		{8E13A2AF-DA04-44F3-A097-4D69ADB0592E}.Debug NoLog4Net|Any CPU.Build.0 = Debug|Any CPU
		{8E13A2AF-DA04-44F3-A097-4D69ADB0592E}.Debug|Any CPU.ActiveCfg = Debug|Any CPU
		{8E13A2AF-DA04-44F3-A097-4D69ADB0592E}.Debug|Any CPU.Build.0 = Debug|Any CPU
		{8E13A2AF-DA04-44F3-A097-4D69ADB0592E}.Release NoLog4Net|Any CPU.ActiveCfg = Release|Any CPU
		{8E13A2AF-DA04-44F3-A097-4D69ADB0592E}.Release NoLog4Net|Any CPU.Build.0 = Release|Any CPU
		{8E13A2AF-DA04-44F3-A097-4D69ADB0592E}.Release|Any CPU.ActiveCfg = Release|Any CPU
		{8E13A2AF-DA04-44F3-A097-4D69ADB0592E}.Release|Any CPU.Build.0 = Release|Any CPU
		{FF7075FC-5B0D-43F3-A7AD-C81A217F594D}.Debug NoLog4Net|Any CPU.ActiveCfg = Debug|Any CPU
		{FF7075FC-5B0D-43F3-A7AD-C81A217F594D}.Debug NoLog4Net|Any CPU.Build.0 = Debug|Any CPU
		{FF7075FC-5B0D-43F3-A7AD-C81A217F594D}.Debug|Any CPU.ActiveCfg = Debug|Any CPU
		{FF7075FC-5B0D-43F3-A7AD-C81A217F594D}.Debug|Any CPU.Build.0 = Debug|Any CPU
		{FF7075FC-5B0D-43F3-A7AD-C81A217F594D}.Release NoLog4Net|Any CPU.ActiveCfg = Release|Any CPU
		{FF7075FC-5B0D-43F3-A7AD-C81A217F594D}.Release NoLog4Net|Any CPU.Build.0 = Release|Any CPU
		{FF7075FC-5B0D-43F3-A7AD-C81A217F594D}.Release|Any CPU.ActiveCfg = Release|Any CPU
		{FF7075FC-5B0D-43F3-A7AD-C81A217F594D}.Release|Any CPU.Build.0 = Release|Any CPU
		{7EA73F8E-AB74-4DDA-9C17-8BE953DD16F2}.Debug NoLog4Net|Any CPU.ActiveCfg = Debug|Any CPU
		{7EA73F8E-AB74-4DDA-9C17-8BE953DD16F2}.Debug NoLog4Net|Any CPU.Build.0 = Debug|Any CPU
		{7EA73F8E-AB74-4DDA-9C17-8BE953DD16F2}.Debug|Any CPU.ActiveCfg = Debug|Any CPU
		{7EA73F8E-AB74-4DDA-9C17-8BE953DD16F2}.Debug|Any CPU.Build.0 = Debug|Any CPU
		{7EA73F8E-AB74-4DDA-9C17-8BE953DD16F2}.Release NoLog4Net|Any CPU.ActiveCfg = Release|Any CPU
		{7EA73F8E-AB74-4DDA-9C17-8BE953DD16F2}.Release NoLog4Net|Any CPU.Build.0 = Release|Any CPU
		{7EA73F8E-AB74-4DDA-9C17-8BE953DD16F2}.Release|Any CPU.ActiveCfg = Release|Any CPU
		{7EA73F8E-AB74-4DDA-9C17-8BE953DD16F2}.Release|Any CPU.Build.0 = Release|Any CPU
		{D713949F-6F11-4667-B316-101E5575E88A}.Debug NoLog4Net|Any CPU.ActiveCfg = Debug|Any CPU
		{D713949F-6F11-4667-B316-101E5575E88A}.Debug NoLog4Net|Any CPU.Build.0 = Debug|Any CPU
		{D713949F-6F11-4667-B316-101E5575E88A}.Debug|Any CPU.ActiveCfg = Debug|Any CPU
		{D713949F-6F11-4667-B316-101E5575E88A}.Debug|Any CPU.Build.0 = Debug|Any CPU
		{D713949F-6F11-4667-B316-101E5575E88A}.Release NoLog4Net|Any CPU.ActiveCfg = Release|Any CPU
		{D713949F-6F11-4667-B316-101E5575E88A}.Release NoLog4Net|Any CPU.Build.0 = Release|Any CPU
		{D713949F-6F11-4667-B316-101E5575E88A}.Release|Any CPU.ActiveCfg = Release|Any CPU
		{D713949F-6F11-4667-B316-101E5575E88A}.Release|Any CPU.Build.0 = Release|Any CPU
		{2929B671-2BB6-4FF7-BAD8-AA296C4F6E0C}.Debug NoLog4Net|Any CPU.ActiveCfg = Debug|Any CPU
		{2929B671-2BB6-4FF7-BAD8-AA296C4F6E0C}.Debug NoLog4Net|Any CPU.Build.0 = Debug|Any CPU
		{2929B671-2BB6-4FF7-BAD8-AA296C4F6E0C}.Debug|Any CPU.ActiveCfg = Debug|Any CPU
		{2929B671-2BB6-4FF7-BAD8-AA296C4F6E0C}.Debug|Any CPU.Build.0 = Debug|Any CPU
		{2929B671-2BB6-4FF7-BAD8-AA296C4F6E0C}.Release NoLog4Net|Any CPU.ActiveCfg = Release|Any CPU
		{2929B671-2BB6-4FF7-BAD8-AA296C4F6E0C}.Release NoLog4Net|Any CPU.Build.0 = Release|Any CPU
		{2929B671-2BB6-4FF7-BAD8-AA296C4F6E0C}.Release|Any CPU.ActiveCfg = Release|Any CPU
		{2929B671-2BB6-4FF7-BAD8-AA296C4F6E0C}.Release|Any CPU.Build.0 = Release|Any CPU
	EndGlobalSection
	GlobalSection(SolutionProperties) = preSolution
		HideSolutionNode = FALSE
	EndGlobalSection
EndGlobal
