Microsoft Visual Studio Solution File, Format Version 11.00
# Visual Studio 2010
Project("{FAE04EC0-301F-11D3-BF4B-00C04F79EFBC}") = "Assembly-CSharp-vs", "Unity\Assembly-CSharp-vs.csproj", "{CD8C9303-404B-FB8D-6B9B-21988D5CAC0A}"
	ProjectSection(ProjectDependencies) = postProject
		{001B2D96-4259-4E09-934F-290F74086E06} = {001B2D96-4259-4E09-934F-290F74086E06}
	EndProjectSection
EndProject
Project("{FAE04EC0-301F-11D3-BF4B-00C04F79EFBC}") = "Assembly-CSharp-Editor-vs", "Unity\Assembly-CSharp-Editor-vs.csproj", "{6311E6C6-0A20-383B-320B-694068DE37A5}"
EndProject
Project("{FAE04EC0-301F-11D3-BF4B-00C04F79EFBC}") = "Assembly-CSharp-firstpass-vs", "Unity\Assembly-CSharp-firstpass-vs.csproj", "{2662B409-6332-1E56-D797-C9025C53BDD6}"
	ProjectSection(ProjectDependencies) = postProject
		{001B2D96-4259-4E09-934F-290F74086E06} = {001B2D96-4259-4E09-934F-290F74086E06}
	EndProjectSection
EndProject
Project("{FAE04EC0-301F-11D3-BF4B-00C04F79EFBC}") = "PostBuild", "PostBuild\PostBuild.csproj", "{001B2D96-4259-4E09-934F-290F74086E06}"
EndProject
Project("{FAE04EC0-301F-11D3-BF4B-00C04F79EFBC}") = "PostBuild.Editor", "PostBuild.Editor\PostBuild.Editor.csproj", "{40F51FDE-0A0A-4683-B97C-AF3DD39C8ABB}"
	ProjectSection(ProjectDependencies) = postProject
		{001B2D96-4259-4E09-934F-290F74086E06} = {001B2D96-4259-4E09-934F-290F74086E06}
	EndProjectSection
EndProject
Project("{FAE04EC0-301F-11D3-BF4B-00C04F79EFBC}") = "Slash.Math", "%SLASH_FRAMEWORK_HOME%Source\Slash.Math\Slash.Math.csproj", "{834E18DE-A529-4F17-A838-92B1EF259FE3}"
EndProject
Project("{FAE04EC0-301F-11D3-BF4B-00C04F79EFBC}") = "Slash.Diagnostics", "%SLASH_FRAMEWORK_HOME%Source\Slash.Diagnostics\Slash.Diagnostics.csproj", "{E155097A-6A57-498E-A707-F852AA672111}"
EndProject
Project("{FAE04EC0-301F-11D3-BF4B-00C04F79EFBC}") = "Slash.GameBase", "%SLASH_FRAMEWORK_HOME%Source\Slash.GameBase\Slash.GameBase.csproj", "{8A6E1D65-C56C-4F71-9991-6AE99E8D5080}"
EndProject
Project("{FAE04EC0-301F-11D3-BF4B-00C04F79EFBC}") = "Slash.Serialization", "%SLASH_FRAMEWORK_HOME%Source\Slash.Serialization\Slash.Serialization.csproj", "{C92C88B0-5268-443B-B32F-CC2A6D686C51}"
EndProject
Project("{FAE04EC0-301F-11D3-BF4B-00C04F79EFBC}") = "Slash.Unity.Common", "%SLASH_FRAMEWORK_HOME%Source\Slash.Unity.Common\Slash.Unity.Common.csproj", "{AA429D02-6020-44F3-8B62-6A5C1AD4FE7D}"
EndProject
Project("{FAE04EC0-301F-11D3-BF4B-00C04F79EFBC}") = "Slash.Unity.Editor.Common", "%SLASH_FRAMEWORK_HOME%Source\Slash.Unity.Editor.Common\Slash.Unity.Editor.Common.csproj", "{1A55D911-697C-4E3B-8FBC-55388C32F20F}"
EndProject
Project("{FAE04EC0-301F-11D3-BF4B-00C04F79EFBC}") = "Slash.Xml", "%SLASH_FRAMEWORK_HOME%Source\Slash.Xml\Slash.Xml.csproj", "{E399FDE3-A0DD-4AEA-BBF5-2A16C5E6775B}"
EndProject
Project("{FAE04EC0-301F-11D3-BF4B-00C04F79EFBC}") = "Slash.Collections", "%SLASH_FRAMEWORK_HOME%Source\Slash.Collections\Slash.Collections.csproj", "{03F9A6F7-F402-4581-B748-FA51BF3B1B82}"
EndProject
Global
	GlobalSection(SolutionConfigurationPlatforms) = preSolution
		Debug|Any CPU = Debug|Any CPU
		Release|Any CPU = Release|Any CPU
	EndGlobalSection
	GlobalSection(ProjectConfigurationPlatforms) = postSolution
	EndGlobalSection
	GlobalSection(SolutionProperties) = preSolution
		HideSolutionNode = FALSE
	EndGlobalSection
EndGlobal
