
Microsoft Visual Studio Solution File, Format Version 11.00
# Visual Studio 2010
Project("{FAE04EC0-301F-11D3-BF4B-00C04F79EFBC}") = "RainyGames.Math", "RainyGames.Math\RainyGames.Math.csproj", "{834E18DE-A529-4F17-A838-92B1EF259FE3}"
EndProject
Project("{FAE04EC0-301F-11D3-BF4B-00C04F79EFBC}") = "RainyGames.GameBase", "RainyGames.GameBase\RainyGames.GameBase.csproj", "{8A6E1D65-C56C-4F71-9991-6AE99E8D5080}"
EndProject
Project("{FAE04EC0-301F-11D3-BF4B-00C04F79EFBC}") = "RainyGames.Unity.Common", "RainyGames.Unity.Common\RainyGames.Unity.Common.csproj", "{AA429D02-6020-44F3-8B62-6A5C1AD4FE7D}"
EndProject
Project("{FAE04EC0-301F-11D3-BF4B-00C04F79EFBC}") = "RainyGames.AI.BehaviorTrees", "RainyGames.AI.BehaviorTrees\RainyGames.AI.BehaviorTrees.csproj", "{F48C77D8-CE6B-4454-8781-DFE8BF48847D}"
EndProject
Project("{FAE04EC0-301F-11D3-BF4B-00C04F79EFBC}") = "Artemis", "Artemis\Artemis_XNA_INDEPENDENT\Artemis.csproj", "{22C89AF2-E1CF-4976-91B9-7D33773DC6E7}"
EndProject
Project("{FAE04EC0-301F-11D3-BF4B-00C04F79EFBC}") = "RainyGames.GameBase.Tests", "RainyGames.GameBase.Tests\RainyGames.GameBase.Tests.csproj", "{C329C9AD-95E9-4A10-8A6A-61B5944FC676}"
EndProject
Project("{FAE04EC0-301F-11D3-BF4B-00C04F79EFBC}") = "RainyGames.Collections", "RainyGames.Collections\RainyGames.Collections.csproj", "{03F9A6F7-F402-4581-B748-FA51BF3B1B82}"
EndProject
Project("{FAE04EC0-301F-11D3-BF4B-00C04F79EFBC}") = "RainyGames.Xml", "RainyGames.Xml\RainyGames.Xml.csproj", "{E399FDE3-A0DD-4AEA-BBF5-2A16C5E6775B}"
EndProject
Project("{FAE04EC0-301F-11D3-BF4B-00C04F79EFBC}") = "RainyGames.Serialization", "RainyGames.Serialization\RainyGames.Serialization.csproj", "{C92C88B0-5268-443B-B32F-CC2A6D686C51}"
EndProject
Project("{FAE04EC0-301F-11D3-BF4B-00C04F79EFBC}") = "RainyGames.AI.BehaviorTrees.Tests", "RainyGames.AI.BehaviorTrees.Tests\RainyGames.AI.BehaviorTrees.Tests.csproj", "{0E1AEE12-E607-4776-8492-6B7EC254FCB8}"
EndProject
Global
	GlobalSection(SolutionConfigurationPlatforms) = preSolution
		Debug|Any CPU = Debug|Any CPU
		Debug|Mixed Platforms = Debug|Mixed Platforms
		Debug|x86 = Debug|x86
		Release|Any CPU = Release|Any CPU
		Release|Mixed Platforms = Release|Mixed Platforms
		Release|x86 = Release|x86
	EndGlobalSection
	GlobalSection(ProjectConfigurationPlatforms) = postSolution
		{03F9A6F7-F402-4581-B748-FA51BF3B1B82}.Debug|Any CPU.ActiveCfg = Debug|Any CPU
		{03F9A6F7-F402-4581-B748-FA51BF3B1B82}.Debug|Any CPU.Build.0 = Debug|Any CPU
		{03F9A6F7-F402-4581-B748-FA51BF3B1B82}.Debug|Mixed Platforms.ActiveCfg = Debug|Any CPU
		{03F9A6F7-F402-4581-B748-FA51BF3B1B82}.Debug|Mixed Platforms.Build.0 = Debug|Any CPU
		{03F9A6F7-F402-4581-B748-FA51BF3B1B82}.Debug|x86.ActiveCfg = Debug|Any CPU
		{03F9A6F7-F402-4581-B748-FA51BF3B1B82}.Release|Any CPU.ActiveCfg = Release|Any CPU
		{03F9A6F7-F402-4581-B748-FA51BF3B1B82}.Release|Any CPU.Build.0 = Release|Any CPU
		{03F9A6F7-F402-4581-B748-FA51BF3B1B82}.Release|Mixed Platforms.ActiveCfg = Release|Any CPU
		{03F9A6F7-F402-4581-B748-FA51BF3B1B82}.Release|Mixed Platforms.Build.0 = Release|Any CPU
		{03F9A6F7-F402-4581-B748-FA51BF3B1B82}.Release|x86.ActiveCfg = Release|Any CPU
		{0E1AEE12-E607-4776-8492-6B7EC254FCB8}.Debug|Any CPU.ActiveCfg = Debug|Any CPU
		{0E1AEE12-E607-4776-8492-6B7EC254FCB8}.Debug|Any CPU.Build.0 = Debug|Any CPU
		{0E1AEE12-E607-4776-8492-6B7EC254FCB8}.Debug|Mixed Platforms.ActiveCfg = Debug|Any CPU
		{0E1AEE12-E607-4776-8492-6B7EC254FCB8}.Debug|Mixed Platforms.Build.0 = Debug|Any CPU
		{0E1AEE12-E607-4776-8492-6B7EC254FCB8}.Debug|x86.ActiveCfg = Debug|Any CPU
		{0E1AEE12-E607-4776-8492-6B7EC254FCB8}.Release|Any CPU.ActiveCfg = Release|Any CPU
		{0E1AEE12-E607-4776-8492-6B7EC254FCB8}.Release|Any CPU.Build.0 = Release|Any CPU
		{0E1AEE12-E607-4776-8492-6B7EC254FCB8}.Release|Mixed Platforms.ActiveCfg = Release|Any CPU
		{0E1AEE12-E607-4776-8492-6B7EC254FCB8}.Release|Mixed Platforms.Build.0 = Release|Any CPU
		{0E1AEE12-E607-4776-8492-6B7EC254FCB8}.Release|x86.ActiveCfg = Release|Any CPU
		{22C89AF2-E1CF-4976-91B9-7D33773DC6E7}.Debug|Any CPU.ActiveCfg = Debug|x86
		{22C89AF2-E1CF-4976-91B9-7D33773DC6E7}.Debug|Mixed Platforms.ActiveCfg = Debug|x86
		{22C89AF2-E1CF-4976-91B9-7D33773DC6E7}.Debug|Mixed Platforms.Build.0 = Debug|x86
		{22C89AF2-E1CF-4976-91B9-7D33773DC6E7}.Debug|x86.ActiveCfg = Debug|x86
		{22C89AF2-E1CF-4976-91B9-7D33773DC6E7}.Debug|x86.Build.0 = Debug|x86
		{22C89AF2-E1CF-4976-91B9-7D33773DC6E7}.Release|Any CPU.ActiveCfg = Release|x86
		{22C89AF2-E1CF-4976-91B9-7D33773DC6E7}.Release|Mixed Platforms.ActiveCfg = Release|x86
		{22C89AF2-E1CF-4976-91B9-7D33773DC6E7}.Release|Mixed Platforms.Build.0 = Release|x86
		{22C89AF2-E1CF-4976-91B9-7D33773DC6E7}.Release|x86.ActiveCfg = Release|x86
		{22C89AF2-E1CF-4976-91B9-7D33773DC6E7}.Release|x86.Build.0 = Release|x86
		{834E18DE-A529-4F17-A838-92B1EF259FE3}.Debug|Any CPU.ActiveCfg = Debug|Any CPU
		{834E18DE-A529-4F17-A838-92B1EF259FE3}.Debug|Any CPU.Build.0 = Debug|Any CPU
		{834E18DE-A529-4F17-A838-92B1EF259FE3}.Debug|Mixed Platforms.ActiveCfg = Debug|Any CPU
		{834E18DE-A529-4F17-A838-92B1EF259FE3}.Debug|Mixed Platforms.Build.0 = Debug|Any CPU
		{834E18DE-A529-4F17-A838-92B1EF259FE3}.Debug|x86.ActiveCfg = Debug|Any CPU
		{834E18DE-A529-4F17-A838-92B1EF259FE3}.Release|Any CPU.ActiveCfg = Release|Any CPU
		{834E18DE-A529-4F17-A838-92B1EF259FE3}.Release|Any CPU.Build.0 = Release|Any CPU
		{834E18DE-A529-4F17-A838-92B1EF259FE3}.Release|Mixed Platforms.ActiveCfg = Release|Any CPU
		{834E18DE-A529-4F17-A838-92B1EF259FE3}.Release|Mixed Platforms.Build.0 = Release|Any CPU
		{834E18DE-A529-4F17-A838-92B1EF259FE3}.Release|x86.ActiveCfg = Release|Any CPU
		{8A6E1D65-C56C-4F71-9991-6AE99E8D5080}.Debug|Any CPU.ActiveCfg = Debug|Any CPU
		{8A6E1D65-C56C-4F71-9991-6AE99E8D5080}.Debug|Any CPU.Build.0 = Debug|Any CPU
		{8A6E1D65-C56C-4F71-9991-6AE99E8D5080}.Debug|Mixed Platforms.ActiveCfg = Debug|Any CPU
		{8A6E1D65-C56C-4F71-9991-6AE99E8D5080}.Debug|Mixed Platforms.Build.0 = Debug|Any CPU
		{8A6E1D65-C56C-4F71-9991-6AE99E8D5080}.Debug|x86.ActiveCfg = Debug|Any CPU
		{8A6E1D65-C56C-4F71-9991-6AE99E8D5080}.Release|Any CPU.ActiveCfg = Release|Any CPU
		{8A6E1D65-C56C-4F71-9991-6AE99E8D5080}.Release|Any CPU.Build.0 = Release|Any CPU
		{8A6E1D65-C56C-4F71-9991-6AE99E8D5080}.Release|Mixed Platforms.ActiveCfg = Release|Any CPU
		{8A6E1D65-C56C-4F71-9991-6AE99E8D5080}.Release|Mixed Platforms.Build.0 = Release|Any CPU
		{8A6E1D65-C56C-4F71-9991-6AE99E8D5080}.Release|x86.ActiveCfg = Release|Any CPU
		{AA429D02-6020-44F3-8B62-6A5C1AD4FE7D}.Debug|Any CPU.ActiveCfg = Debug|Any CPU
		{AA429D02-6020-44F3-8B62-6A5C1AD4FE7D}.Debug|Any CPU.Build.0 = Debug|Any CPU
		{AA429D02-6020-44F3-8B62-6A5C1AD4FE7D}.Debug|Mixed Platforms.ActiveCfg = Debug|Any CPU
		{AA429D02-6020-44F3-8B62-6A5C1AD4FE7D}.Debug|Mixed Platforms.Build.0 = Debug|Any CPU
		{AA429D02-6020-44F3-8B62-6A5C1AD4FE7D}.Debug|x86.ActiveCfg = Debug|Any CPU
		{AA429D02-6020-44F3-8B62-6A5C1AD4FE7D}.Release|Any CPU.ActiveCfg = Release|Any CPU
		{AA429D02-6020-44F3-8B62-6A5C1AD4FE7D}.Release|Any CPU.Build.0 = Release|Any CPU
		{AA429D02-6020-44F3-8B62-6A5C1AD4FE7D}.Release|Mixed Platforms.ActiveCfg = Release|Any CPU
		{AA429D02-6020-44F3-8B62-6A5C1AD4FE7D}.Release|Mixed Platforms.Build.0 = Release|Any CPU
		{AA429D02-6020-44F3-8B62-6A5C1AD4FE7D}.Release|x86.ActiveCfg = Release|Any CPU
		{C329C9AD-95E9-4A10-8A6A-61B5944FC676}.Debug|Any CPU.ActiveCfg = Debug|Any CPU
		{C329C9AD-95E9-4A10-8A6A-61B5944FC676}.Debug|Any CPU.Build.0 = Debug|Any CPU
		{C329C9AD-95E9-4A10-8A6A-61B5944FC676}.Debug|Mixed Platforms.ActiveCfg = Debug|Any CPU
		{C329C9AD-95E9-4A10-8A6A-61B5944FC676}.Debug|Mixed Platforms.Build.0 = Debug|Any CPU
		{C329C9AD-95E9-4A10-8A6A-61B5944FC676}.Debug|x86.ActiveCfg = Debug|Any CPU
		{C329C9AD-95E9-4A10-8A6A-61B5944FC676}.Release|Any CPU.ActiveCfg = Release|Any CPU
		{C329C9AD-95E9-4A10-8A6A-61B5944FC676}.Release|Any CPU.Build.0 = Release|Any CPU
		{C329C9AD-95E9-4A10-8A6A-61B5944FC676}.Release|Mixed Platforms.ActiveCfg = Release|Any CPU
		{C329C9AD-95E9-4A10-8A6A-61B5944FC676}.Release|Mixed Platforms.Build.0 = Release|Any CPU
		{C329C9AD-95E9-4A10-8A6A-61B5944FC676}.Release|x86.ActiveCfg = Release|Any CPU
		{C92C88B0-5268-443B-B32F-CC2A6D686C51}.Debug|Any CPU.ActiveCfg = Debug|Any CPU
		{C92C88B0-5268-443B-B32F-CC2A6D686C51}.Debug|Any CPU.Build.0 = Debug|Any CPU
		{C92C88B0-5268-443B-B32F-CC2A6D686C51}.Debug|Mixed Platforms.ActiveCfg = Debug|Any CPU
		{C92C88B0-5268-443B-B32F-CC2A6D686C51}.Debug|Mixed Platforms.Build.0 = Debug|Any CPU
		{C92C88B0-5268-443B-B32F-CC2A6D686C51}.Debug|x86.ActiveCfg = Debug|Any CPU
		{C92C88B0-5268-443B-B32F-CC2A6D686C51}.Release|Any CPU.ActiveCfg = Release|Any CPU
		{C92C88B0-5268-443B-B32F-CC2A6D686C51}.Release|Any CPU.Build.0 = Release|Any CPU
		{C92C88B0-5268-443B-B32F-CC2A6D686C51}.Release|Mixed Platforms.ActiveCfg = Release|Any CPU
		{C92C88B0-5268-443B-B32F-CC2A6D686C51}.Release|Mixed Platforms.Build.0 = Release|Any CPU
		{C92C88B0-5268-443B-B32F-CC2A6D686C51}.Release|x86.ActiveCfg = Release|Any CPU
		{E399FDE3-A0DD-4AEA-BBF5-2A16C5E6775B}.Debug|Any CPU.ActiveCfg = Debug|Any CPU
		{E399FDE3-A0DD-4AEA-BBF5-2A16C5E6775B}.Debug|Any CPU.Build.0 = Debug|Any CPU
		{E399FDE3-A0DD-4AEA-BBF5-2A16C5E6775B}.Debug|Mixed Platforms.ActiveCfg = Debug|Any CPU
		{E399FDE3-A0DD-4AEA-BBF5-2A16C5E6775B}.Debug|Mixed Platforms.Build.0 = Debug|Any CPU
		{E399FDE3-A0DD-4AEA-BBF5-2A16C5E6775B}.Debug|x86.ActiveCfg = Debug|Any CPU
		{E399FDE3-A0DD-4AEA-BBF5-2A16C5E6775B}.Release|Any CPU.ActiveCfg = Release|Any CPU
		{E399FDE3-A0DD-4AEA-BBF5-2A16C5E6775B}.Release|Any CPU.Build.0 = Release|Any CPU
		{E399FDE3-A0DD-4AEA-BBF5-2A16C5E6775B}.Release|Mixed Platforms.ActiveCfg = Release|Any CPU
		{E399FDE3-A0DD-4AEA-BBF5-2A16C5E6775B}.Release|Mixed Platforms.Build.0 = Release|Any CPU
		{E399FDE3-A0DD-4AEA-BBF5-2A16C5E6775B}.Release|x86.ActiveCfg = Release|Any CPU
		{F48C77D8-CE6B-4454-8781-DFE8BF48847D}.Debug|Any CPU.ActiveCfg = Debug|Any CPU
		{F48C77D8-CE6B-4454-8781-DFE8BF48847D}.Debug|Any CPU.Build.0 = Debug|Any CPU
		{F48C77D8-CE6B-4454-8781-DFE8BF48847D}.Debug|Mixed Platforms.ActiveCfg = Debug|Any CPU
		{F48C77D8-CE6B-4454-8781-DFE8BF48847D}.Debug|Mixed Platforms.Build.0 = Debug|Any CPU
		{F48C77D8-CE6B-4454-8781-DFE8BF48847D}.Debug|x86.ActiveCfg = Debug|Any CPU
		{F48C77D8-CE6B-4454-8781-DFE8BF48847D}.Release|Any CPU.ActiveCfg = Release|Any CPU
		{F48C77D8-CE6B-4454-8781-DFE8BF48847D}.Release|Any CPU.Build.0 = Release|Any CPU
		{F48C77D8-CE6B-4454-8781-DFE8BF48847D}.Release|Mixed Platforms.ActiveCfg = Release|Any CPU
		{F48C77D8-CE6B-4454-8781-DFE8BF48847D}.Release|Mixed Platforms.Build.0 = Release|Any CPU
		{F48C77D8-CE6B-4454-8781-DFE8BF48847D}.Release|x86.ActiveCfg = Release|Any CPU
	EndGlobalSection
	GlobalSection(SolutionProperties) = preSolution
		HideSolutionNode = FALSE
	EndGlobalSection
EndGlobal
