
Microsoft Visual Studio Solution File, Format Version 12.00
# Visual Studio 2012
Project("{FAE04EC0-301F-11D3-BF4B-00C04F79EFBC}") = "Slash.Collections.WindowsStore", "Slash.Collections\Slash.Collections.WindowsStore.csproj", "{77D7FB58-EC5B-4B50-8D59-63304259DC5A}"
EndProject
Project("{FAE04EC0-301F-11D3-BF4B-00C04F79EFBC}") = "Slash.Diagnostics.WindowsStore", "Slash.Diagnostics\Slash.Diagnostics.WindowsStore.csproj", "{871906CF-4F88-482C-913B-230CBCDE1C64}"
EndProject
Project("{FAE04EC0-301F-11D3-BF4B-00C04F79EFBC}") = "Slash.ECS.WindowsStore", "Slash.ECS\Slash.ECS.WindowsStore.csproj", "{197A6637-D4C2-4B1F-BBA4-2AA04F667212}"
EndProject
Project("{FAE04EC0-301F-11D3-BF4B-00C04F79EFBC}") = "Slash.Math.WindowsStore", "Slash.Math\Slash.Math.WindowsStore.csproj", "{F3F2FED3-990E-457C-81B0-CF9C6180AC6B}"
EndProject
Project("{FAE04EC0-301F-11D3-BF4B-00C04F79EFBC}") = "Slash.Serialization.WindowsStore", "Slash.Serialization\Slash.Serialization.WindowsStore.csproj", "{813F246A-F8F4-4943-A513-5178A5E6D6CF}"
EndProject
Project("{FAE04EC0-301F-11D3-BF4B-00C04F79EFBC}") = "Slash.System.WindowsStore", "Slash.System\Slash.System.WindowsStore.csproj", "{D4130CF9-C05D-4428-A1C9-2C6B1A5874F1}"
EndProject
Project("{FAE04EC0-301F-11D3-BF4B-00C04F79EFBC}") = "Slash.Globalization.WindowsStore", "Slash.Globalization\Slash.Globalization.WindowsStore.csproj", "{536330CB-0A89-428C-9D19-D278C1454480}"
EndProject
Project("{FAE04EC0-301F-11D3-BF4B-00C04F79EFBC}") = "Slash.IAP.WindowsStore", "Slash.IAP\Slash.IAP.WindowsStore.csproj", "{DB881A54-0680-4D6D-A5F5-A0D27B226890}"
EndProject
Project("{FAE04EC0-301F-11D3-BF4B-00C04F79EFBC}") = "Slash.Mobile.WindowsStore", "Slash.Mobile\Slash.Mobile.WindowsStore.csproj", "{0BCABFCF-1008-4DAB-A98D-4AAAADBD661E}"
EndProject
Project("{FAE04EC0-301F-11D3-BF4B-00C04F79EFBC}") = "Slash.Reflection.WindowsStore", "Slash.Reflection\Slash.Reflection.WindowsStore.csproj", "{B98DD3EA-25C3-41BE-8253-206960364CC8}"
EndProject
Project("{FAE04EC0-301F-11D3-BF4B-00C04F79EFBC}") = "Slash.Unity.Common.WindowsStore", "Slash.Unity.Common\Slash.Unity.Common.WindowsStore.csproj", "{86DC75E6-D550-41BE-ADB9-3A2BD13C201A}"
EndProject
Global
	GlobalSection(SolutionConfigurationPlatforms) = preSolution
		Debug|Any CPU = Debug|Any CPU
		Debug|ARM = Debug|ARM
		Debug|Mixed Platforms = Debug|Mixed Platforms
		Debug|x64 = Debug|x64
		Debug|x86 = Debug|x86
		Release|Any CPU = Release|Any CPU
		Release|ARM = Release|ARM
		Release|Mixed Platforms = Release|Mixed Platforms
		Release|x64 = Release|x64
		Release|x86 = Release|x86
	EndGlobalSection
	GlobalSection(ProjectConfigurationPlatforms) = postSolution
		{77D7FB58-EC5B-4B50-8D59-63304259DC5A}.Debug|Any CPU.ActiveCfg = Debug|Any CPU
		{77D7FB58-EC5B-4B50-8D59-63304259DC5A}.Debug|Any CPU.Build.0 = Debug|Any CPU
		{77D7FB58-EC5B-4B50-8D59-63304259DC5A}.Debug|ARM.ActiveCfg = Debug|ARM
		{77D7FB58-EC5B-4B50-8D59-63304259DC5A}.Debug|ARM.Build.0 = Debug|ARM
		{77D7FB58-EC5B-4B50-8D59-63304259DC5A}.Debug|Mixed Platforms.ActiveCfg = Debug|x86
		{77D7FB58-EC5B-4B50-8D59-63304259DC5A}.Debug|Mixed Platforms.Build.0 = Debug|x86
		{77D7FB58-EC5B-4B50-8D59-63304259DC5A}.Debug|x64.ActiveCfg = Debug|x64
		{77D7FB58-EC5B-4B50-8D59-63304259DC5A}.Debug|x64.Build.0 = Debug|x64
		{77D7FB58-EC5B-4B50-8D59-63304259DC5A}.Debug|x86.ActiveCfg = Debug|x86
		{77D7FB58-EC5B-4B50-8D59-63304259DC5A}.Debug|x86.Build.0 = Debug|x86
		{77D7FB58-EC5B-4B50-8D59-63304259DC5A}.Release|Any CPU.ActiveCfg = Release|Any CPU
		{77D7FB58-EC5B-4B50-8D59-63304259DC5A}.Release|Any CPU.Build.0 = Release|Any CPU
		{77D7FB58-EC5B-4B50-8D59-63304259DC5A}.Release|ARM.ActiveCfg = Release|ARM
		{77D7FB58-EC5B-4B50-8D59-63304259DC5A}.Release|ARM.Build.0 = Release|ARM
		{77D7FB58-EC5B-4B50-8D59-63304259DC5A}.Release|Mixed Platforms.ActiveCfg = Release|x86
		{77D7FB58-EC5B-4B50-8D59-63304259DC5A}.Release|Mixed Platforms.Build.0 = Release|x86
		{77D7FB58-EC5B-4B50-8D59-63304259DC5A}.Release|x64.ActiveCfg = Release|x64
		{77D7FB58-EC5B-4B50-8D59-63304259DC5A}.Release|x64.Build.0 = Release|x64
		{77D7FB58-EC5B-4B50-8D59-63304259DC5A}.Release|x86.ActiveCfg = Release|x86
		{77D7FB58-EC5B-4B50-8D59-63304259DC5A}.Release|x86.Build.0 = Release|x86
		{871906CF-4F88-482C-913B-230CBCDE1C64}.Debug|Any CPU.ActiveCfg = Debug|Any CPU
		{871906CF-4F88-482C-913B-230CBCDE1C64}.Debug|Any CPU.Build.0 = Debug|Any CPU
		{871906CF-4F88-482C-913B-230CBCDE1C64}.Debug|ARM.ActiveCfg = Debug|ARM
		{871906CF-4F88-482C-913B-230CBCDE1C64}.Debug|ARM.Build.0 = Debug|ARM
		{871906CF-4F88-482C-913B-230CBCDE1C64}.Debug|Mixed Platforms.ActiveCfg = Debug|x86
		{871906CF-4F88-482C-913B-230CBCDE1C64}.Debug|Mixed Platforms.Build.0 = Debug|x86
		{871906CF-4F88-482C-913B-230CBCDE1C64}.Debug|x64.ActiveCfg = Debug|x64
		{871906CF-4F88-482C-913B-230CBCDE1C64}.Debug|x64.Build.0 = Debug|x64
		{871906CF-4F88-482C-913B-230CBCDE1C64}.Debug|x86.ActiveCfg = Debug|x86
		{871906CF-4F88-482C-913B-230CBCDE1C64}.Debug|x86.Build.0 = Debug|x86
		{871906CF-4F88-482C-913B-230CBCDE1C64}.Release|Any CPU.ActiveCfg = Release|Any CPU
		{871906CF-4F88-482C-913B-230CBCDE1C64}.Release|Any CPU.Build.0 = Release|Any CPU
		{871906CF-4F88-482C-913B-230CBCDE1C64}.Release|ARM.ActiveCfg = Release|ARM
		{871906CF-4F88-482C-913B-230CBCDE1C64}.Release|ARM.Build.0 = Release|ARM
		{871906CF-4F88-482C-913B-230CBCDE1C64}.Release|Mixed Platforms.ActiveCfg = Release|x86
		{871906CF-4F88-482C-913B-230CBCDE1C64}.Release|Mixed Platforms.Build.0 = Release|x86
		{871906CF-4F88-482C-913B-230CBCDE1C64}.Release|x64.ActiveCfg = Release|x64
		{871906CF-4F88-482C-913B-230CBCDE1C64}.Release|x64.Build.0 = Release|x64
		{871906CF-4F88-482C-913B-230CBCDE1C64}.Release|x86.ActiveCfg = Release|x86
		{871906CF-4F88-482C-913B-230CBCDE1C64}.Release|x86.Build.0 = Release|x86
		{197A6637-D4C2-4B1F-BBA4-2AA04F667212}.Debug|Any CPU.ActiveCfg = Debug|Any CPU
		{197A6637-D4C2-4B1F-BBA4-2AA04F667212}.Debug|Any CPU.Build.0 = Debug|Any CPU
		{197A6637-D4C2-4B1F-BBA4-2AA04F667212}.Debug|ARM.ActiveCfg = Debug|ARM
		{197A6637-D4C2-4B1F-BBA4-2AA04F667212}.Debug|ARM.Build.0 = Debug|ARM
		{197A6637-D4C2-4B1F-BBA4-2AA04F667212}.Debug|Mixed Platforms.ActiveCfg = Debug|x86
		{197A6637-D4C2-4B1F-BBA4-2AA04F667212}.Debug|Mixed Platforms.Build.0 = Debug|x86
		{197A6637-D4C2-4B1F-BBA4-2AA04F667212}.Debug|x64.ActiveCfg = Debug|x64
		{197A6637-D4C2-4B1F-BBA4-2AA04F667212}.Debug|x64.Build.0 = Debug|x64
		{197A6637-D4C2-4B1F-BBA4-2AA04F667212}.Debug|x86.ActiveCfg = Debug|x86
		{197A6637-D4C2-4B1F-BBA4-2AA04F667212}.Debug|x86.Build.0 = Debug|x86
		{197A6637-D4C2-4B1F-BBA4-2AA04F667212}.Release|Any CPU.ActiveCfg = Release|Any CPU
		{197A6637-D4C2-4B1F-BBA4-2AA04F667212}.Release|Any CPU.Build.0 = Release|Any CPU
		{197A6637-D4C2-4B1F-BBA4-2AA04F667212}.Release|ARM.ActiveCfg = Release|ARM
		{197A6637-D4C2-4B1F-BBA4-2AA04F667212}.Release|ARM.Build.0 = Release|ARM
		{197A6637-D4C2-4B1F-BBA4-2AA04F667212}.Release|Mixed Platforms.ActiveCfg = Release|x86
		{197A6637-D4C2-4B1F-BBA4-2AA04F667212}.Release|Mixed Platforms.Build.0 = Release|x86
		{197A6637-D4C2-4B1F-BBA4-2AA04F667212}.Release|x64.ActiveCfg = Release|x64
		{197A6637-D4C2-4B1F-BBA4-2AA04F667212}.Release|x64.Build.0 = Release|x64
		{197A6637-D4C2-4B1F-BBA4-2AA04F667212}.Release|x86.ActiveCfg = Release|x86
		{197A6637-D4C2-4B1F-BBA4-2AA04F667212}.Release|x86.Build.0 = Release|x86
		{F3F2FED3-990E-457C-81B0-CF9C6180AC6B}.Debug|Any CPU.ActiveCfg = Debug|Any CPU
		{F3F2FED3-990E-457C-81B0-CF9C6180AC6B}.Debug|Any CPU.Build.0 = Debug|Any CPU
		{F3F2FED3-990E-457C-81B0-CF9C6180AC6B}.Debug|ARM.ActiveCfg = Debug|ARM
		{F3F2FED3-990E-457C-81B0-CF9C6180AC6B}.Debug|ARM.Build.0 = Debug|ARM
		{F3F2FED3-990E-457C-81B0-CF9C6180AC6B}.Debug|Mixed Platforms.ActiveCfg = Debug|x86
		{F3F2FED3-990E-457C-81B0-CF9C6180AC6B}.Debug|Mixed Platforms.Build.0 = Debug|x86
		{F3F2FED3-990E-457C-81B0-CF9C6180AC6B}.Debug|x64.ActiveCfg = Debug|x64
		{F3F2FED3-990E-457C-81B0-CF9C6180AC6B}.Debug|x64.Build.0 = Debug|x64
		{F3F2FED3-990E-457C-81B0-CF9C6180AC6B}.Debug|x86.ActiveCfg = Debug|x86
		{F3F2FED3-990E-457C-81B0-CF9C6180AC6B}.Debug|x86.Build.0 = Debug|x86
		{F3F2FED3-990E-457C-81B0-CF9C6180AC6B}.Release|Any CPU.ActiveCfg = Release|Any CPU
		{F3F2FED3-990E-457C-81B0-CF9C6180AC6B}.Release|Any CPU.Build.0 = Release|Any CPU
		{F3F2FED3-990E-457C-81B0-CF9C6180AC6B}.Release|ARM.ActiveCfg = Release|ARM
		{F3F2FED3-990E-457C-81B0-CF9C6180AC6B}.Release|ARM.Build.0 = Release|ARM
		{F3F2FED3-990E-457C-81B0-CF9C6180AC6B}.Release|Mixed Platforms.ActiveCfg = Release|x86
		{F3F2FED3-990E-457C-81B0-CF9C6180AC6B}.Release|Mixed Platforms.Build.0 = Release|x86
		{F3F2FED3-990E-457C-81B0-CF9C6180AC6B}.Release|x64.ActiveCfg = Release|x64
		{F3F2FED3-990E-457C-81B0-CF9C6180AC6B}.Release|x64.Build.0 = Release|x64
		{F3F2FED3-990E-457C-81B0-CF9C6180AC6B}.Release|x86.ActiveCfg = Release|x86
		{F3F2FED3-990E-457C-81B0-CF9C6180AC6B}.Release|x86.Build.0 = Release|x86
		{813F246A-F8F4-4943-A513-5178A5E6D6CF}.Debug|Any CPU.ActiveCfg = Debug|Any CPU
		{813F246A-F8F4-4943-A513-5178A5E6D6CF}.Debug|Any CPU.Build.0 = Debug|Any CPU
		{813F246A-F8F4-4943-A513-5178A5E6D6CF}.Debug|ARM.ActiveCfg = Debug|ARM
		{813F246A-F8F4-4943-A513-5178A5E6D6CF}.Debug|ARM.Build.0 = Debug|ARM
		{813F246A-F8F4-4943-A513-5178A5E6D6CF}.Debug|Mixed Platforms.ActiveCfg = Debug|x86
		{813F246A-F8F4-4943-A513-5178A5E6D6CF}.Debug|Mixed Platforms.Build.0 = Debug|x86
		{813F246A-F8F4-4943-A513-5178A5E6D6CF}.Debug|x64.ActiveCfg = Debug|x64
		{813F246A-F8F4-4943-A513-5178A5E6D6CF}.Debug|x64.Build.0 = Debug|x64
		{813F246A-F8F4-4943-A513-5178A5E6D6CF}.Debug|x86.ActiveCfg = Debug|x86
		{813F246A-F8F4-4943-A513-5178A5E6D6CF}.Debug|x86.Build.0 = Debug|x86
		{813F246A-F8F4-4943-A513-5178A5E6D6CF}.Release|Any CPU.ActiveCfg = Release|Any CPU
		{813F246A-F8F4-4943-A513-5178A5E6D6CF}.Release|Any CPU.Build.0 = Release|Any CPU
		{813F246A-F8F4-4943-A513-5178A5E6D6CF}.Release|ARM.ActiveCfg = Release|ARM
		{813F246A-F8F4-4943-A513-5178A5E6D6CF}.Release|ARM.Build.0 = Release|ARM
		{813F246A-F8F4-4943-A513-5178A5E6D6CF}.Release|Mixed Platforms.ActiveCfg = Release|x86
		{813F246A-F8F4-4943-A513-5178A5E6D6CF}.Release|Mixed Platforms.Build.0 = Release|x86
		{813F246A-F8F4-4943-A513-5178A5E6D6CF}.Release|x64.ActiveCfg = Release|x64
		{813F246A-F8F4-4943-A513-5178A5E6D6CF}.Release|x64.Build.0 = Release|x64
		{813F246A-F8F4-4943-A513-5178A5E6D6CF}.Release|x86.ActiveCfg = Release|x86
		{813F246A-F8F4-4943-A513-5178A5E6D6CF}.Release|x86.Build.0 = Release|x86
		{D4130CF9-C05D-4428-A1C9-2C6B1A5874F1}.Debug|Any CPU.ActiveCfg = Debug|Any CPU
		{D4130CF9-C05D-4428-A1C9-2C6B1A5874F1}.Debug|Any CPU.Build.0 = Debug|Any CPU
		{D4130CF9-C05D-4428-A1C9-2C6B1A5874F1}.Debug|ARM.ActiveCfg = Debug|ARM
		{D4130CF9-C05D-4428-A1C9-2C6B1A5874F1}.Debug|ARM.Build.0 = Debug|ARM
		{D4130CF9-C05D-4428-A1C9-2C6B1A5874F1}.Debug|Mixed Platforms.ActiveCfg = Debug|x86
		{D4130CF9-C05D-4428-A1C9-2C6B1A5874F1}.Debug|Mixed Platforms.Build.0 = Debug|x86
		{D4130CF9-C05D-4428-A1C9-2C6B1A5874F1}.Debug|x64.ActiveCfg = Debug|x64
		{D4130CF9-C05D-4428-A1C9-2C6B1A5874F1}.Debug|x64.Build.0 = Debug|x64
		{D4130CF9-C05D-4428-A1C9-2C6B1A5874F1}.Debug|x86.ActiveCfg = Debug|x86
		{D4130CF9-C05D-4428-A1C9-2C6B1A5874F1}.Debug|x86.Build.0 = Debug|x86
		{D4130CF9-C05D-4428-A1C9-2C6B1A5874F1}.Release|Any CPU.ActiveCfg = Release|Any CPU
		{D4130CF9-C05D-4428-A1C9-2C6B1A5874F1}.Release|Any CPU.Build.0 = Release|Any CPU
		{D4130CF9-C05D-4428-A1C9-2C6B1A5874F1}.Release|ARM.ActiveCfg = Release|ARM
		{D4130CF9-C05D-4428-A1C9-2C6B1A5874F1}.Release|ARM.Build.0 = Release|ARM
		{D4130CF9-C05D-4428-A1C9-2C6B1A5874F1}.Release|Mixed Platforms.ActiveCfg = Release|x86
		{D4130CF9-C05D-4428-A1C9-2C6B1A5874F1}.Release|Mixed Platforms.Build.0 = Release|x86
		{D4130CF9-C05D-4428-A1C9-2C6B1A5874F1}.Release|x64.ActiveCfg = Release|x64
		{D4130CF9-C05D-4428-A1C9-2C6B1A5874F1}.Release|x64.Build.0 = Release|x64
		{D4130CF9-C05D-4428-A1C9-2C6B1A5874F1}.Release|x86.ActiveCfg = Release|x86
		{D4130CF9-C05D-4428-A1C9-2C6B1A5874F1}.Release|x86.Build.0 = Release|x86
		{536330CB-0A89-428C-9D19-D278C1454480}.Debug|Any CPU.ActiveCfg = Debug|Any CPU
		{536330CB-0A89-428C-9D19-D278C1454480}.Debug|Any CPU.Build.0 = Debug|Any CPU
		{536330CB-0A89-428C-9D19-D278C1454480}.Debug|ARM.ActiveCfg = Debug|ARM
		{536330CB-0A89-428C-9D19-D278C1454480}.Debug|ARM.Build.0 = Debug|ARM
		{536330CB-0A89-428C-9D19-D278C1454480}.Debug|Mixed Platforms.ActiveCfg = Debug|x86
		{536330CB-0A89-428C-9D19-D278C1454480}.Debug|Mixed Platforms.Build.0 = Debug|x86
		{536330CB-0A89-428C-9D19-D278C1454480}.Debug|x64.ActiveCfg = Debug|x64
		{536330CB-0A89-428C-9D19-D278C1454480}.Debug|x64.Build.0 = Debug|x64
		{536330CB-0A89-428C-9D19-D278C1454480}.Debug|x86.ActiveCfg = Debug|x86
		{536330CB-0A89-428C-9D19-D278C1454480}.Debug|x86.Build.0 = Debug|x86
		{536330CB-0A89-428C-9D19-D278C1454480}.Release|Any CPU.ActiveCfg = Release|Any CPU
		{536330CB-0A89-428C-9D19-D278C1454480}.Release|Any CPU.Build.0 = Release|Any CPU
		{536330CB-0A89-428C-9D19-D278C1454480}.Release|ARM.ActiveCfg = Release|ARM
		{536330CB-0A89-428C-9D19-D278C1454480}.Release|ARM.Build.0 = Release|ARM
		{536330CB-0A89-428C-9D19-D278C1454480}.Release|Mixed Platforms.ActiveCfg = Release|x86
		{536330CB-0A89-428C-9D19-D278C1454480}.Release|Mixed Platforms.Build.0 = Release|x86
		{536330CB-0A89-428C-9D19-D278C1454480}.Release|x64.ActiveCfg = Release|x64
		{536330CB-0A89-428C-9D19-D278C1454480}.Release|x64.Build.0 = Release|x64
		{536330CB-0A89-428C-9D19-D278C1454480}.Release|x86.ActiveCfg = Release|x86
		{536330CB-0A89-428C-9D19-D278C1454480}.Release|x86.Build.0 = Release|x86
		{DB881A54-0680-4D6D-A5F5-A0D27B226890}.Debug|Any CPU.ActiveCfg = Debug|Any CPU
		{DB881A54-0680-4D6D-A5F5-A0D27B226890}.Debug|Any CPU.Build.0 = Debug|Any CPU
		{DB881A54-0680-4D6D-A5F5-A0D27B226890}.Debug|ARM.ActiveCfg = Debug|ARM
		{DB881A54-0680-4D6D-A5F5-A0D27B226890}.Debug|ARM.Build.0 = Debug|ARM
		{DB881A54-0680-4D6D-A5F5-A0D27B226890}.Debug|Mixed Platforms.ActiveCfg = Debug|x86
		{DB881A54-0680-4D6D-A5F5-A0D27B226890}.Debug|Mixed Platforms.Build.0 = Debug|x86
		{DB881A54-0680-4D6D-A5F5-A0D27B226890}.Debug|x64.ActiveCfg = Debug|x64
		{DB881A54-0680-4D6D-A5F5-A0D27B226890}.Debug|x64.Build.0 = Debug|x64
		{DB881A54-0680-4D6D-A5F5-A0D27B226890}.Debug|x86.ActiveCfg = Debug|x86
		{DB881A54-0680-4D6D-A5F5-A0D27B226890}.Debug|x86.Build.0 = Debug|x86
		{DB881A54-0680-4D6D-A5F5-A0D27B226890}.Release|Any CPU.ActiveCfg = Release|Any CPU
		{DB881A54-0680-4D6D-A5F5-A0D27B226890}.Release|Any CPU.Build.0 = Release|Any CPU
		{DB881A54-0680-4D6D-A5F5-A0D27B226890}.Release|ARM.ActiveCfg = Release|ARM
		{DB881A54-0680-4D6D-A5F5-A0D27B226890}.Release|ARM.Build.0 = Release|ARM
		{DB881A54-0680-4D6D-A5F5-A0D27B226890}.Release|Mixed Platforms.ActiveCfg = Release|x86
		{DB881A54-0680-4D6D-A5F5-A0D27B226890}.Release|Mixed Platforms.Build.0 = Release|x86
		{DB881A54-0680-4D6D-A5F5-A0D27B226890}.Release|x64.ActiveCfg = Release|x64
		{DB881A54-0680-4D6D-A5F5-A0D27B226890}.Release|x64.Build.0 = Release|x64
		{DB881A54-0680-4D6D-A5F5-A0D27B226890}.Release|x86.ActiveCfg = Release|x86
		{DB881A54-0680-4D6D-A5F5-A0D27B226890}.Release|x86.Build.0 = Release|x86
		{0BCABFCF-1008-4DAB-A98D-4AAAADBD661E}.Debug|Any CPU.ActiveCfg = Debug|Any CPU
		{0BCABFCF-1008-4DAB-A98D-4AAAADBD661E}.Debug|Any CPU.Build.0 = Debug|Any CPU
		{0BCABFCF-1008-4DAB-A98D-4AAAADBD661E}.Debug|ARM.ActiveCfg = Debug|ARM
		{0BCABFCF-1008-4DAB-A98D-4AAAADBD661E}.Debug|ARM.Build.0 = Debug|ARM
		{0BCABFCF-1008-4DAB-A98D-4AAAADBD661E}.Debug|Mixed Platforms.ActiveCfg = Debug|x86
		{0BCABFCF-1008-4DAB-A98D-4AAAADBD661E}.Debug|Mixed Platforms.Build.0 = Debug|x86
		{0BCABFCF-1008-4DAB-A98D-4AAAADBD661E}.Debug|x64.ActiveCfg = Debug|x64
		{0BCABFCF-1008-4DAB-A98D-4AAAADBD661E}.Debug|x64.Build.0 = Debug|x64
		{0BCABFCF-1008-4DAB-A98D-4AAAADBD661E}.Debug|x86.ActiveCfg = Debug|x86
		{0BCABFCF-1008-4DAB-A98D-4AAAADBD661E}.Debug|x86.Build.0 = Debug|x86
		{0BCABFCF-1008-4DAB-A98D-4AAAADBD661E}.Release|Any CPU.ActiveCfg = Release|Any CPU
		{0BCABFCF-1008-4DAB-A98D-4AAAADBD661E}.Release|Any CPU.Build.0 = Release|Any CPU
		{0BCABFCF-1008-4DAB-A98D-4AAAADBD661E}.Release|ARM.ActiveCfg = Release|ARM
		{0BCABFCF-1008-4DAB-A98D-4AAAADBD661E}.Release|ARM.Build.0 = Release|ARM
		{0BCABFCF-1008-4DAB-A98D-4AAAADBD661E}.Release|Mixed Platforms.ActiveCfg = Release|x86
		{0BCABFCF-1008-4DAB-A98D-4AAAADBD661E}.Release|Mixed Platforms.Build.0 = Release|x86
		{0BCABFCF-1008-4DAB-A98D-4AAAADBD661E}.Release|x64.ActiveCfg = Release|x64
		{0BCABFCF-1008-4DAB-A98D-4AAAADBD661E}.Release|x64.Build.0 = Release|x64
		{0BCABFCF-1008-4DAB-A98D-4AAAADBD661E}.Release|x86.ActiveCfg = Release|x86
		{0BCABFCF-1008-4DAB-A98D-4AAAADBD661E}.Release|x86.Build.0 = Release|x86
		{B98DD3EA-25C3-41BE-8253-206960364CC8}.Debug|Any CPU.ActiveCfg = Debug|Any CPU
		{B98DD3EA-25C3-41BE-8253-206960364CC8}.Debug|Any CPU.Build.0 = Debug|Any CPU
		{B98DD3EA-25C3-41BE-8253-206960364CC8}.Debug|ARM.ActiveCfg = Debug|ARM
		{B98DD3EA-25C3-41BE-8253-206960364CC8}.Debug|ARM.Build.0 = Debug|ARM
		{B98DD3EA-25C3-41BE-8253-206960364CC8}.Debug|Mixed Platforms.ActiveCfg = Debug|x86
		{B98DD3EA-25C3-41BE-8253-206960364CC8}.Debug|Mixed Platforms.Build.0 = Debug|x86
		{B98DD3EA-25C3-41BE-8253-206960364CC8}.Debug|x64.ActiveCfg = Debug|x64
		{B98DD3EA-25C3-41BE-8253-206960364CC8}.Debug|x64.Build.0 = Debug|x64
		{B98DD3EA-25C3-41BE-8253-206960364CC8}.Debug|x86.ActiveCfg = Debug|x86
		{B98DD3EA-25C3-41BE-8253-206960364CC8}.Debug|x86.Build.0 = Debug|x86
		{B98DD3EA-25C3-41BE-8253-206960364CC8}.Release|Any CPU.ActiveCfg = Release|Any CPU
		{B98DD3EA-25C3-41BE-8253-206960364CC8}.Release|Any CPU.Build.0 = Release|Any CPU
		{B98DD3EA-25C3-41BE-8253-206960364CC8}.Release|ARM.ActiveCfg = Release|ARM
		{B98DD3EA-25C3-41BE-8253-206960364CC8}.Release|ARM.Build.0 = Release|ARM
		{B98DD3EA-25C3-41BE-8253-206960364CC8}.Release|Mixed Platforms.ActiveCfg = Release|x86
		{B98DD3EA-25C3-41BE-8253-206960364CC8}.Release|Mixed Platforms.Build.0 = Release|x86
		{B98DD3EA-25C3-41BE-8253-206960364CC8}.Release|x64.ActiveCfg = Release|x64
		{B98DD3EA-25C3-41BE-8253-206960364CC8}.Release|x64.Build.0 = Release|x64
		{B98DD3EA-25C3-41BE-8253-206960364CC8}.Release|x86.ActiveCfg = Release|x86
		{B98DD3EA-25C3-41BE-8253-206960364CC8}.Release|x86.Build.0 = Release|x86
		{86DC75E6-D550-41BE-ADB9-3A2BD13C201A}.Debug|Any CPU.ActiveCfg = Debug|Any CPU
		{86DC75E6-D550-41BE-ADB9-3A2BD13C201A}.Debug|Any CPU.Build.0 = Debug|Any CPU
		{86DC75E6-D550-41BE-ADB9-3A2BD13C201A}.Debug|ARM.ActiveCfg = Debug|ARM
		{86DC75E6-D550-41BE-ADB9-3A2BD13C201A}.Debug|ARM.Build.0 = Debug|ARM
		{86DC75E6-D550-41BE-ADB9-3A2BD13C201A}.Debug|Mixed Platforms.ActiveCfg = Debug|x86
		{86DC75E6-D550-41BE-ADB9-3A2BD13C201A}.Debug|Mixed Platforms.Build.0 = Debug|x86
		{86DC75E6-D550-41BE-ADB9-3A2BD13C201A}.Debug|x64.ActiveCfg = Debug|x64
		{86DC75E6-D550-41BE-ADB9-3A2BD13C201A}.Debug|x64.Build.0 = Debug|x64
		{86DC75E6-D550-41BE-ADB9-3A2BD13C201A}.Debug|x86.ActiveCfg = Debug|x86
		{86DC75E6-D550-41BE-ADB9-3A2BD13C201A}.Debug|x86.Build.0 = Debug|x86
		{86DC75E6-D550-41BE-ADB9-3A2BD13C201A}.Release|Any CPU.ActiveCfg = Release|Any CPU
		{86DC75E6-D550-41BE-ADB9-3A2BD13C201A}.Release|Any CPU.Build.0 = Release|Any CPU
		{86DC75E6-D550-41BE-ADB9-3A2BD13C201A}.Release|ARM.ActiveCfg = Release|ARM
		{86DC75E6-D550-41BE-ADB9-3A2BD13C201A}.Release|ARM.Build.0 = Release|ARM
		{86DC75E6-D550-41BE-ADB9-3A2BD13C201A}.Release|Mixed Platforms.ActiveCfg = Release|x86
		{86DC75E6-D550-41BE-ADB9-3A2BD13C201A}.Release|Mixed Platforms.Build.0 = Release|x86
		{86DC75E6-D550-41BE-ADB9-3A2BD13C201A}.Release|x64.ActiveCfg = Release|x64
		{86DC75E6-D550-41BE-ADB9-3A2BD13C201A}.Release|x64.Build.0 = Release|x64
		{86DC75E6-D550-41BE-ADB9-3A2BD13C201A}.Release|x86.ActiveCfg = Release|x86
		{86DC75E6-D550-41BE-ADB9-3A2BD13C201A}.Release|x86.Build.0 = Release|x86
	EndGlobalSection
	GlobalSection(SolutionProperties) = preSolution
		HideSolutionNode = FALSE
	EndGlobalSection
EndGlobal
