
Microsoft Visual Studio Solution File, Format Version 12.00
# Visual Studio 2012
Project("{FAE04EC0-301F-11D3-BF4B-00C04F79EFBC}") = "Slash.Collections.WindowsPhone8", "Slash.Collections\Slash.Collections.WindowsPhone8.csproj", "{03E4830E-A307-4EF8-900C-E51A8747729D}"
EndProject
Project("{FAE04EC0-301F-11D3-BF4B-00C04F79EFBC}") = "Slash.Diagnostics.WindowsPhone8", "Slash.Diagnostics\Slash.Diagnostics.WindowsPhone8.csproj", "{2BEEE755-4BC5-4436-9D92-9F4A662ED974}"
EndProject
Project("{FAE04EC0-301F-11D3-BF4B-00C04F79EFBC}") = "Slash.ECS.WindowsPhone8", "Slash.ECS\Slash.ECS.WindowsPhone8.csproj", "{A221C5AE-0BA7-4003-B608-8647E182EC16}"
EndProject
Project("{FAE04EC0-301F-11D3-BF4B-00C04F79EFBC}") = "Slash.Globalization.WindowsPhone8", "Slash.Globalization\Slash.Globalization.WindowsPhone8.csproj", "{7452A5ED-DA91-4D20-8342-5112AF9AFD21}"
EndProject
Project("{FAE04EC0-301F-11D3-BF4B-00C04F79EFBC}") = "Slash.Math.WindowsPhone8", "Slash.Math\Slash.Math.WindowsPhone8.csproj", "{626C8554-37AB-49BD-ABAB-5AA380851B62}"
EndProject
Project("{FAE04EC0-301F-11D3-BF4B-00C04F79EFBC}") = "Slash.IAP.WindowsPhone8", "Slash.IAP\Slash.IAP.WindowsPhone8.csproj", "{4F30BAE1-FBC1-4E38-8265-1B917C86437F}"
EndProject
Project("{FAE04EC0-301F-11D3-BF4B-00C04F79EFBC}") = "Slash.Mobile.WindowsPhone8", "Slash.Mobile\Slash.Mobile.WindowsPhone8.csproj", "{FCE9C859-0434-4E0D-99C3-063F8270C5D7}"
EndProject
Project("{FAE04EC0-301F-11D3-BF4B-00C04F79EFBC}") = "Slash.Reflection.WindowsPhone8", "Slash.Reflection\Slash.Reflection.WindowsPhone8.csproj", "{ABF72CBD-64C3-412B-B5D7-7287ECC224EE}"
EndProject
Project("{FAE04EC0-301F-11D3-BF4B-00C04F79EFBC}") = "Slash.Serialization.WindowsPhone8", "Slash.Serialization\Slash.Serialization.WindowsPhone8.csproj", "{3F454F80-85E0-4EBE-BE49-D34C6E70A5CB}"
EndProject
Project("{FAE04EC0-301F-11D3-BF4B-00C04F79EFBC}") = "Slash.System.WindowsPhone8", "Slash.System\Slash.System.WindowsPhone8.csproj", "{5F62830F-7BDC-49CA-B10C-5CF50AC14080}"
EndProject
Global
	GlobalSection(SolutionConfigurationPlatforms) = preSolution
		Debug|Any CPU = Debug|Any CPU
		Debug|ARM = Debug|ARM
		Debug|Mixed Platforms = Debug|Mixed Platforms
		Debug|x64 = Debug|x64
		Debug|x86 = Debug|x86
		Release|Any CPU = Release|Any CPU
		Release|ARM = Release|ARM
		Release|Mixed Platforms = Release|Mixed Platforms
		Release|x64 = Release|x64
		Release|x86 = Release|x86
	EndGlobalSection
	GlobalSection(ProjectConfigurationPlatforms) = postSolution
		{03E4830E-A307-4EF8-900C-E51A8747729D}.Debug|Any CPU.ActiveCfg = Debug|Any CPU
		{03E4830E-A307-4EF8-900C-E51A8747729D}.Debug|Any CPU.Build.0 = Debug|Any CPU
		{03E4830E-A307-4EF8-900C-E51A8747729D}.Debug|ARM.ActiveCfg = Debug|ARM
		{03E4830E-A307-4EF8-900C-E51A8747729D}.Debug|ARM.Build.0 = Debug|ARM
		{03E4830E-A307-4EF8-900C-E51A8747729D}.Debug|Mixed Platforms.ActiveCfg = Debug|x86
		{03E4830E-A307-4EF8-900C-E51A8747729D}.Debug|Mixed Platforms.Build.0 = Debug|x86
		{03E4830E-A307-4EF8-900C-E51A8747729D}.Debug|x64.ActiveCfg = Debug|Any CPU
		{03E4830E-A307-4EF8-900C-E51A8747729D}.Debug|x86.ActiveCfg = Debug|x86
		{03E4830E-A307-4EF8-900C-E51A8747729D}.Debug|x86.Build.0 = Debug|x86
		{03E4830E-A307-4EF8-900C-E51A8747729D}.Release|Any CPU.ActiveCfg = Release|Any CPU
		{03E4830E-A307-4EF8-900C-E51A8747729D}.Release|Any CPU.Build.0 = Release|Any CPU
		{03E4830E-A307-4EF8-900C-E51A8747729D}.Release|ARM.ActiveCfg = Release|ARM
		{03E4830E-A307-4EF8-900C-E51A8747729D}.Release|ARM.Build.0 = Release|ARM
		{03E4830E-A307-4EF8-900C-E51A8747729D}.Release|Mixed Platforms.ActiveCfg = Release|x86
		{03E4830E-A307-4EF8-900C-E51A8747729D}.Release|Mixed Platforms.Build.0 = Release|x86
		{03E4830E-A307-4EF8-900C-E51A8747729D}.Release|x64.ActiveCfg = Release|Any CPU
		{03E4830E-A307-4EF8-900C-E51A8747729D}.Release|x86.ActiveCfg = Release|x86
		{03E4830E-A307-4EF8-900C-E51A8747729D}.Release|x86.Build.0 = Release|x86
		{2BEEE755-4BC5-4436-9D92-9F4A662ED974}.Debug|Any CPU.ActiveCfg = Debug|Any CPU
		{2BEEE755-4BC5-4436-9D92-9F4A662ED974}.Debug|Any CPU.Build.0 = Debug|Any CPU
		{2BEEE755-4BC5-4436-9D92-9F4A662ED974}.Debug|ARM.ActiveCfg = Debug|ARM
		{2BEEE755-4BC5-4436-9D92-9F4A662ED974}.Debug|ARM.Build.0 = Debug|ARM
		{2BEEE755-4BC5-4436-9D92-9F4A662ED974}.Debug|Mixed Platforms.ActiveCfg = Debug|x86
		{2BEEE755-4BC5-4436-9D92-9F4A662ED974}.Debug|Mixed Platforms.Build.0 = Debug|x86
		{2BEEE755-4BC5-4436-9D92-9F4A662ED974}.Debug|x64.ActiveCfg = Debug|Any CPU
		{2BEEE755-4BC5-4436-9D92-9F4A662ED974}.Debug|x86.ActiveCfg = Debug|x86
		{2BEEE755-4BC5-4436-9D92-9F4A662ED974}.Debug|x86.Build.0 = Debug|x86
		{2BEEE755-4BC5-4436-9D92-9F4A662ED974}.Release|Any CPU.ActiveCfg = Release|Any CPU
		{2BEEE755-4BC5-4436-9D92-9F4A662ED974}.Release|Any CPU.Build.0 = Release|Any CPU
		{2BEEE755-4BC5-4436-9D92-9F4A662ED974}.Release|ARM.ActiveCfg = Release|ARM
		{2BEEE755-4BC5-4436-9D92-9F4A662ED974}.Release|ARM.Build.0 = Release|ARM
		{2BEEE755-4BC5-4436-9D92-9F4A662ED974}.Release|Mixed Platforms.ActiveCfg = Release|x86
		{2BEEE755-4BC5-4436-9D92-9F4A662ED974}.Release|Mixed Platforms.Build.0 = Release|x86
		{2BEEE755-4BC5-4436-9D92-9F4A662ED974}.Release|x64.ActiveCfg = Release|Any CPU
		{2BEEE755-4BC5-4436-9D92-9F4A662ED974}.Release|x86.ActiveCfg = Release|x86
		{2BEEE755-4BC5-4436-9D92-9F4A662ED974}.Release|x86.Build.0 = Release|x86
		{A221C5AE-0BA7-4003-B608-8647E182EC16}.Debug|Any CPU.ActiveCfg = Debug|Any CPU
		{A221C5AE-0BA7-4003-B608-8647E182EC16}.Debug|Any CPU.Build.0 = Debug|Any CPU
		{A221C5AE-0BA7-4003-B608-8647E182EC16}.Debug|ARM.ActiveCfg = Debug|ARM
		{A221C5AE-0BA7-4003-B608-8647E182EC16}.Debug|ARM.Build.0 = Debug|ARM
		{A221C5AE-0BA7-4003-B608-8647E182EC16}.Debug|Mixed Platforms.ActiveCfg = Debug|x86
		{A221C5AE-0BA7-4003-B608-8647E182EC16}.Debug|Mixed Platforms.Build.0 = Debug|x86
		{A221C5AE-0BA7-4003-B608-8647E182EC16}.Debug|x64.ActiveCfg = Debug|Any CPU
		{A221C5AE-0BA7-4003-B608-8647E182EC16}.Debug|x86.ActiveCfg = Debug|x86
		{A221C5AE-0BA7-4003-B608-8647E182EC16}.Debug|x86.Build.0 = Debug|x86
		{A221C5AE-0BA7-4003-B608-8647E182EC16}.Release|Any CPU.ActiveCfg = Release|Any CPU
		{A221C5AE-0BA7-4003-B608-8647E182EC16}.Release|Any CPU.Build.0 = Release|Any CPU
		{A221C5AE-0BA7-4003-B608-8647E182EC16}.Release|ARM.ActiveCfg = Release|ARM
		{A221C5AE-0BA7-4003-B608-8647E182EC16}.Release|ARM.Build.0 = Release|ARM
		{A221C5AE-0BA7-4003-B608-8647E182EC16}.Release|Mixed Platforms.ActiveCfg = Release|x86
		{A221C5AE-0BA7-4003-B608-8647E182EC16}.Release|Mixed Platforms.Build.0 = Release|x86
		{A221C5AE-0BA7-4003-B608-8647E182EC16}.Release|x64.ActiveCfg = Release|Any CPU
		{A221C5AE-0BA7-4003-B608-8647E182EC16}.Release|x86.ActiveCfg = Release|x86
		{A221C5AE-0BA7-4003-B608-8647E182EC16}.Release|x86.Build.0 = Release|x86
		{7452A5ED-DA91-4D20-8342-5112AF9AFD21}.Debug|Any CPU.ActiveCfg = Debug|Any CPU
		{7452A5ED-DA91-4D20-8342-5112AF9AFD21}.Debug|Any CPU.Build.0 = Debug|Any CPU
		{7452A5ED-DA91-4D20-8342-5112AF9AFD21}.Debug|ARM.ActiveCfg = Debug|ARM
		{7452A5ED-DA91-4D20-8342-5112AF9AFD21}.Debug|ARM.Build.0 = Debug|ARM
		{7452A5ED-DA91-4D20-8342-5112AF9AFD21}.Debug|Mixed Platforms.ActiveCfg = Debug|x86
		{7452A5ED-DA91-4D20-8342-5112AF9AFD21}.Debug|Mixed Platforms.Build.0 = Debug|x86
		{7452A5ED-DA91-4D20-8342-5112AF9AFD21}.Debug|x64.ActiveCfg = Debug|Any CPU
		{7452A5ED-DA91-4D20-8342-5112AF9AFD21}.Debug|x86.ActiveCfg = Debug|x86
		{7452A5ED-DA91-4D20-8342-5112AF9AFD21}.Debug|x86.Build.0 = Debug|x86
		{7452A5ED-DA91-4D20-8342-5112AF9AFD21}.Release|Any CPU.ActiveCfg = Release|Any CPU
		{7452A5ED-DA91-4D20-8342-5112AF9AFD21}.Release|Any CPU.Build.0 = Release|Any CPU
		{7452A5ED-DA91-4D20-8342-5112AF9AFD21}.Release|ARM.ActiveCfg = Release|ARM
		{7452A5ED-DA91-4D20-8342-5112AF9AFD21}.Release|ARM.Build.0 = Release|ARM
		{7452A5ED-DA91-4D20-8342-5112AF9AFD21}.Release|Mixed Platforms.ActiveCfg = Release|x86
		{7452A5ED-DA91-4D20-8342-5112AF9AFD21}.Release|Mixed Platforms.Build.0 = Release|x86
		{7452A5ED-DA91-4D20-8342-5112AF9AFD21}.Release|x64.ActiveCfg = Release|Any CPU
		{7452A5ED-DA91-4D20-8342-5112AF9AFD21}.Release|x86.ActiveCfg = Release|x86
		{7452A5ED-DA91-4D20-8342-5112AF9AFD21}.Release|x86.Build.0 = Release|x86
		{626C8554-37AB-49BD-ABAB-5AA380851B62}.Debug|Any CPU.ActiveCfg = Debug|Any CPU
		{626C8554-37AB-49BD-ABAB-5AA380851B62}.Debug|Any CPU.Build.0 = Debug|Any CPU
		{626C8554-37AB-49BD-ABAB-5AA380851B62}.Debug|ARM.ActiveCfg = Debug|ARM
		{626C8554-37AB-49BD-ABAB-5AA380851B62}.Debug|ARM.Build.0 = Debug|ARM
		{626C8554-37AB-49BD-ABAB-5AA380851B62}.Debug|Mixed Platforms.ActiveCfg = Debug|x86
		{626C8554-37AB-49BD-ABAB-5AA380851B62}.Debug|Mixed Platforms.Build.0 = Debug|x86
		{626C8554-37AB-49BD-ABAB-5AA380851B62}.Debug|x64.ActiveCfg = Debug|Any CPU
		{626C8554-37AB-49BD-ABAB-5AA380851B62}.Debug|x86.ActiveCfg = Debug|x86
		{626C8554-37AB-49BD-ABAB-5AA380851B62}.Debug|x86.Build.0 = Debug|x86
		{626C8554-37AB-49BD-ABAB-5AA380851B62}.Release|Any CPU.ActiveCfg = Release|Any CPU
		{626C8554-37AB-49BD-ABAB-5AA380851B62}.Release|Any CPU.Build.0 = Release|Any CPU
		{626C8554-37AB-49BD-ABAB-5AA380851B62}.Release|ARM.ActiveCfg = Release|ARM
		{626C8554-37AB-49BD-ABAB-5AA380851B62}.Release|ARM.Build.0 = Release|ARM
		{626C8554-37AB-49BD-ABAB-5AA380851B62}.Release|Mixed Platforms.ActiveCfg = Release|x86
		{626C8554-37AB-49BD-ABAB-5AA380851B62}.Release|Mixed Platforms.Build.0 = Release|x86
		{626C8554-37AB-49BD-ABAB-5AA380851B62}.Release|x64.ActiveCfg = Release|Any CPU
		{626C8554-37AB-49BD-ABAB-5AA380851B62}.Release|x86.ActiveCfg = Release|x86
		{626C8554-37AB-49BD-ABAB-5AA380851B62}.Release|x86.Build.0 = Release|x86
		{4F30BAE1-FBC1-4E38-8265-1B917C86437F}.Debug|Any CPU.ActiveCfg = Debug|Any CPU
		{4F30BAE1-FBC1-4E38-8265-1B917C86437F}.Debug|Any CPU.Build.0 = Debug|Any CPU
		{4F30BAE1-FBC1-4E38-8265-1B917C86437F}.Debug|ARM.ActiveCfg = Debug|ARM
		{4F30BAE1-FBC1-4E38-8265-1B917C86437F}.Debug|ARM.Build.0 = Debug|ARM
		{4F30BAE1-FBC1-4E38-8265-1B917C86437F}.Debug|Mixed Platforms.ActiveCfg = Debug|x86
		{4F30BAE1-FBC1-4E38-8265-1B917C86437F}.Debug|Mixed Platforms.Build.0 = Debug|x86
		{4F30BAE1-FBC1-4E38-8265-1B917C86437F}.Debug|x64.ActiveCfg = Debug|Any CPU
		{4F30BAE1-FBC1-4E38-8265-1B917C86437F}.Debug|x86.ActiveCfg = Debug|x86
		{4F30BAE1-FBC1-4E38-8265-1B917C86437F}.Debug|x86.Build.0 = Debug|x86
		{4F30BAE1-FBC1-4E38-8265-1B917C86437F}.Release|Any CPU.ActiveCfg = Release|Any CPU
		{4F30BAE1-FBC1-4E38-8265-1B917C86437F}.Release|Any CPU.Build.0 = Release|Any CPU
		{4F30BAE1-FBC1-4E38-8265-1B917C86437F}.Release|ARM.ActiveCfg = Release|ARM
		{4F30BAE1-FBC1-4E38-8265-1B917C86437F}.Release|ARM.Build.0 = Release|ARM
		{4F30BAE1-FBC1-4E38-8265-1B917C86437F}.Release|Mixed Platforms.ActiveCfg = Release|x86
		{4F30BAE1-FBC1-4E38-8265-1B917C86437F}.Release|Mixed Platforms.Build.0 = Release|x86
		{4F30BAE1-FBC1-4E38-8265-1B917C86437F}.Release|x64.ActiveCfg = Release|Any CPU
		{4F30BAE1-FBC1-4E38-8265-1B917C86437F}.Release|x86.ActiveCfg = Release|x86
		{4F30BAE1-FBC1-4E38-8265-1B917C86437F}.Release|x86.Build.0 = Release|x86
		{FCE9C859-0434-4E0D-99C3-063F8270C5D7}.Debug|Any CPU.ActiveCfg = Debug|Any CPU
		{FCE9C859-0434-4E0D-99C3-063F8270C5D7}.Debug|Any CPU.Build.0 = Debug|Any CPU
		{FCE9C859-0434-4E0D-99C3-063F8270C5D7}.Debug|ARM.ActiveCfg = Debug|ARM
		{FCE9C859-0434-4E0D-99C3-063F8270C5D7}.Debug|ARM.Build.0 = Debug|ARM
		{FCE9C859-0434-4E0D-99C3-063F8270C5D7}.Debug|Mixed Platforms.ActiveCfg = Debug|x86
		{FCE9C859-0434-4E0D-99C3-063F8270C5D7}.Debug|Mixed Platforms.Build.0 = Debug|x86
		{FCE9C859-0434-4E0D-99C3-063F8270C5D7}.Debug|x64.ActiveCfg = Debug|Any CPU
		{FCE9C859-0434-4E0D-99C3-063F8270C5D7}.Debug|x86.ActiveCfg = Debug|x86
		{FCE9C859-0434-4E0D-99C3-063F8270C5D7}.Debug|x86.Build.0 = Debug|x86
		{FCE9C859-0434-4E0D-99C3-063F8270C5D7}.Release|Any CPU.ActiveCfg = Release|Any CPU
		{FCE9C859-0434-4E0D-99C3-063F8270C5D7}.Release|Any CPU.Build.0 = Release|Any CPU
		{FCE9C859-0434-4E0D-99C3-063F8270C5D7}.Release|ARM.ActiveCfg = Release|ARM
		{FCE9C859-0434-4E0D-99C3-063F8270C5D7}.Release|ARM.Build.0 = Release|ARM
		{FCE9C859-0434-4E0D-99C3-063F8270C5D7}.Release|Mixed Platforms.ActiveCfg = Release|x86
		{FCE9C859-0434-4E0D-99C3-063F8270C5D7}.Release|Mixed Platforms.Build.0 = Release|x86
		{FCE9C859-0434-4E0D-99C3-063F8270C5D7}.Release|x64.ActiveCfg = Release|Any CPU
		{FCE9C859-0434-4E0D-99C3-063F8270C5D7}.Release|x86.ActiveCfg = Release|x86
		{FCE9C859-0434-4E0D-99C3-063F8270C5D7}.Release|x86.Build.0 = Release|x86
		{ABF72CBD-64C3-412B-B5D7-7287ECC224EE}.Debug|Any CPU.ActiveCfg = Debug|Any CPU
		{ABF72CBD-64C3-412B-B5D7-7287ECC224EE}.Debug|Any CPU.Build.0 = Debug|Any CPU
		{ABF72CBD-64C3-412B-B5D7-7287ECC224EE}.Debug|ARM.ActiveCfg = Debug|ARM
		{ABF72CBD-64C3-412B-B5D7-7287ECC224EE}.Debug|ARM.Build.0 = Debug|ARM
		{ABF72CBD-64C3-412B-B5D7-7287ECC224EE}.Debug|Mixed Platforms.ActiveCfg = Debug|x86
		{ABF72CBD-64C3-412B-B5D7-7287ECC224EE}.Debug|Mixed Platforms.Build.0 = Debug|x86
		{ABF72CBD-64C3-412B-B5D7-7287ECC224EE}.Debug|x64.ActiveCfg = Debug|Any CPU
		{ABF72CBD-64C3-412B-B5D7-7287ECC224EE}.Debug|x86.ActiveCfg = Debug|x86
		{ABF72CBD-64C3-412B-B5D7-7287ECC224EE}.Debug|x86.Build.0 = Debug|x86
		{ABF72CBD-64C3-412B-B5D7-7287ECC224EE}.Release|Any CPU.ActiveCfg = Release|Any CPU
		{ABF72CBD-64C3-412B-B5D7-7287ECC224EE}.Release|Any CPU.Build.0 = Release|Any CPU
		{ABF72CBD-64C3-412B-B5D7-7287ECC224EE}.Release|ARM.ActiveCfg = Release|ARM
		{ABF72CBD-64C3-412B-B5D7-7287ECC224EE}.Release|ARM.Build.0 = Release|ARM
		{ABF72CBD-64C3-412B-B5D7-7287ECC224EE}.Release|Mixed Platforms.ActiveCfg = Release|x86
		{ABF72CBD-64C3-412B-B5D7-7287ECC224EE}.Release|Mixed Platforms.Build.0 = Release|x86
		{ABF72CBD-64C3-412B-B5D7-7287ECC224EE}.Release|x64.ActiveCfg = Release|Any CPU
		{ABF72CBD-64C3-412B-B5D7-7287ECC224EE}.Release|x86.ActiveCfg = Release|x86
		{ABF72CBD-64C3-412B-B5D7-7287ECC224EE}.Release|x86.Build.0 = Release|x86
		{3F454F80-85E0-4EBE-BE49-D34C6E70A5CB}.Debug|Any CPU.ActiveCfg = Debug|Any CPU
		{3F454F80-85E0-4EBE-BE49-D34C6E70A5CB}.Debug|Any CPU.Build.0 = Debug|Any CPU
		{3F454F80-85E0-4EBE-BE49-D34C6E70A5CB}.Debug|ARM.ActiveCfg = Debug|ARM
		{3F454F80-85E0-4EBE-BE49-D34C6E70A5CB}.Debug|ARM.Build.0 = Debug|ARM
		{3F454F80-85E0-4EBE-BE49-D34C6E70A5CB}.Debug|Mixed Platforms.ActiveCfg = Debug|x86
		{3F454F80-85E0-4EBE-BE49-D34C6E70A5CB}.Debug|Mixed Platforms.Build.0 = Debug|x86
		{3F454F80-85E0-4EBE-BE49-D34C6E70A5CB}.Debug|x64.ActiveCfg = Debug|Any CPU
		{3F454F80-85E0-4EBE-BE49-D34C6E70A5CB}.Debug|x86.ActiveCfg = Debug|x86
		{3F454F80-85E0-4EBE-BE49-D34C6E70A5CB}.Debug|x86.Build.0 = Debug|x86
		{3F454F80-85E0-4EBE-BE49-D34C6E70A5CB}.Release|Any CPU.ActiveCfg = Release|Any CPU
		{3F454F80-85E0-4EBE-BE49-D34C6E70A5CB}.Release|Any CPU.Build.0 = Release|Any CPU
		{3F454F80-85E0-4EBE-BE49-D34C6E70A5CB}.Release|ARM.ActiveCfg = Release|ARM
		{3F454F80-85E0-4EBE-BE49-D34C6E70A5CB}.Release|ARM.Build.0 = Release|ARM
		{3F454F80-85E0-4EBE-BE49-D34C6E70A5CB}.Release|Mixed Platforms.ActiveCfg = Release|x86
		{3F454F80-85E0-4EBE-BE49-D34C6E70A5CB}.Release|Mixed Platforms.Build.0 = Release|x86
		{3F454F80-85E0-4EBE-BE49-D34C6E70A5CB}.Release|x64.ActiveCfg = Release|Any CPU
		{3F454F80-85E0-4EBE-BE49-D34C6E70A5CB}.Release|x86.ActiveCfg = Release|x86
		{3F454F80-85E0-4EBE-BE49-D34C6E70A5CB}.Release|x86.Build.0 = Release|x86
		{5F62830F-7BDC-49CA-B10C-5CF50AC14080}.Debug|Any CPU.ActiveCfg = Debug|Any CPU
		{5F62830F-7BDC-49CA-B10C-5CF50AC14080}.Debug|Any CPU.Build.0 = Debug|Any CPU
		{5F62830F-7BDC-49CA-B10C-5CF50AC14080}.Debug|ARM.ActiveCfg = Debug|ARM
		{5F62830F-7BDC-49CA-B10C-5CF50AC14080}.Debug|ARM.Build.0 = Debug|ARM
		{5F62830F-7BDC-49CA-B10C-5CF50AC14080}.Debug|Mixed Platforms.ActiveCfg = Debug|x86
		{5F62830F-7BDC-49CA-B10C-5CF50AC14080}.Debug|Mixed Platforms.Build.0 = Debug|x86
		{5F62830F-7BDC-49CA-B10C-5CF50AC14080}.Debug|x64.ActiveCfg = Debug|Any CPU
		{5F62830F-7BDC-49CA-B10C-5CF50AC14080}.Debug|x86.ActiveCfg = Debug|x86
		{5F62830F-7BDC-49CA-B10C-5CF50AC14080}.Debug|x86.Build.0 = Debug|x86
		{5F62830F-7BDC-49CA-B10C-5CF50AC14080}.Release|Any CPU.ActiveCfg = Release|Any CPU
		{5F62830F-7BDC-49CA-B10C-5CF50AC14080}.Release|Any CPU.Build.0 = Release|Any CPU
		{5F62830F-7BDC-49CA-B10C-5CF50AC14080}.Release|ARM.ActiveCfg = Release|ARM
		{5F62830F-7BDC-49CA-B10C-5CF50AC14080}.Release|ARM.Build.0 = Release|ARM
		{5F62830F-7BDC-49CA-B10C-5CF50AC14080}.Release|Mixed Platforms.ActiveCfg = Release|x86
		{5F62830F-7BDC-49CA-B10C-5CF50AC14080}.Release|Mixed Platforms.Build.0 = Release|x86
		{5F62830F-7BDC-49CA-B10C-5CF50AC14080}.Release|x64.ActiveCfg = Release|Any CPU
		{5F62830F-7BDC-49CA-B10C-5CF50AC14080}.Release|x86.ActiveCfg = Release|x86
		{5F62830F-7BDC-49CA-B10C-5CF50AC14080}.Release|x86.Build.0 = Release|x86
	EndGlobalSection
	GlobalSection(SolutionProperties) = preSolution
		HideSolutionNode = FALSE
	EndGlobalSection
EndGlobal
