
Microsoft Visual Studio Solution File, Format Version 12.00
# Visual Studio 2012
Project("{FAE04EC0-301F-11D3-BF4B-00C04F79EFBC}") = "Slash.Math", "Slash.Math\Slash.Math.csproj", "{834E18DE-A529-4F17-A838-92B1EF259FE3}"
EndProject
Project("{FAE04EC0-301F-11D3-BF4B-00C04F79EFBC}") = "Slash.ECS", "Slash.ECS\Slash.ECS.csproj", "{8A6E1D65-C56C-4F71-9991-6AE99E8D5080}"
EndProject
Project("{FAE04EC0-301F-11D3-BF4B-00C04F79EFBC}") = "Slash.Unity.Common", "Slash.Unity.Common\Slash.Unity.Common.csproj", "{AA429D02-6020-44F3-8B62-6A5C1AD4FE7D}"
EndProject
Project("{FAE04EC0-301F-11D3-BF4B-00C04F79EFBC}") = "Slash.ECS.Tests", "Slash.ECS.Tests\Slash.ECS.Tests.csproj", "{C329C9AD-95E9-4A10-8A6A-61B5944FC676}"
EndProject
Project("{FAE04EC0-301F-11D3-BF4B-00C04F79EFBC}") = "Slash.Collections", "Slash.Collections\Slash.Collections.csproj", "{03F9A6F7-F402-4581-B748-FA51BF3B1B82}"
EndProject
Project("{FAE04EC0-301F-11D3-BF4B-00C04F79EFBC}") = "Slash.Xml", "Slash.Xml\Slash.Xml.csproj", "{E399FDE3-A0DD-4AEA-BBF5-2A16C5E6775B}"
EndProject
Project("{FAE04EC0-301F-11D3-BF4B-00C04F79EFBC}") = "Slash.Serialization", "Slash.Serialization\Slash.Serialization.csproj", "{C92C88B0-5268-443B-B32F-CC2A6D686C51}"
EndProject
Project("{FAE04EC0-301F-11D3-BF4B-00C04F79EFBC}") = "Slash.Unity.Editor.Common", "Slash.Unity.Editor.Common\Slash.Unity.Editor.Common.csproj", "{1A55D911-697C-4E3B-8FBC-55388C32F20F}"
EndProject
Project("{FAE04EC0-301F-11D3-BF4B-00C04F79EFBC}") = "Slash.Reflection", "Slash.Reflection\Slash.Reflection.csproj", "{49A6D476-F045-42B3-8FFC-A67B3F9BB073}"
EndProject
Project("{FAE04EC0-301F-11D3-BF4B-00C04F79EFBC}") = "Slash.Reflection.Tests", "Slash.Reflection.Tests\Slash.Reflection.Tests.csproj", "{638AA873-495C-4DA2-BD59-E767E4E144E2}"
EndProject
Project("{FAE04EC0-301F-11D3-BF4B-00C04F79EFBC}") = "Slash.System", "Slash.System\Slash.System.csproj", "{2929B671-2BB6-4FF7-BAD8-AA296C4F6E0C}"
EndProject
Project("{FAE04EC0-301F-11D3-BF4B-00C04F79EFBC}") = "Slash.Collections.Tests", "Slash.Collections.Tests\Slash.Collections.Tests.csproj", "{7EA73F8E-AB74-4DDA-9C17-8BE953DD16F2}"
EndProject
Project("{FAE04EC0-301F-11D3-BF4B-00C04F79EFBC}") = "Slash.Reflection.WindowsStore", "Slash.Reflection.WindowsStore\Slash.Reflection.WindowsStore.csproj", "{B98DD3EA-25C3-41BE-8253-206960364CC8}"
EndProject
Project("{FAE04EC0-301F-11D3-BF4B-00C04F79EFBC}") = "Slash.Serialization.Tests", "Slash.Serialization.Tests\Slash.Serialization.Tests.csproj", "{FF7075FC-5B0D-43F3-A7AD-C81A217F594D}"
EndProject
Project("{FAE04EC0-301F-11D3-BF4B-00C04F79EFBC}") = "Slash.Tests", "Slash.Tests\Slash.Tests.csproj", "{8E13A2AF-DA04-44F3-A097-4D69ADB0592E}"
EndProject
Global
	GlobalSection(SolutionConfigurationPlatforms) = preSolution
		Debug|Any CPU = Debug|Any CPU
		Debug|ARM = Debug|ARM
		Debug|Mixed Platforms = Debug|Mixed Platforms
		Debug|x64 = Debug|x64
		Debug|x86 = Debug|x86
		Release|Any CPU = Release|Any CPU
		Release|ARM = Release|ARM
		Release|Mixed Platforms = Release|Mixed Platforms
		Release|x64 = Release|x64
		Release|x86 = Release|x86
	EndGlobalSection
	GlobalSection(ProjectConfigurationPlatforms) = postSolution
		{834E18DE-A529-4F17-A838-92B1EF259FE3}.Debug|Any CPU.ActiveCfg = Debug|Any CPU
		{834E18DE-A529-4F17-A838-92B1EF259FE3}.Debug|Any CPU.Build.0 = Debug|Any CPU
		{834E18DE-A529-4F17-A838-92B1EF259FE3}.Debug|ARM.ActiveCfg = Debug|Any CPU
		{834E18DE-A529-4F17-A838-92B1EF259FE3}.Debug|Mixed Platforms.ActiveCfg = Debug|Any CPU
		{834E18DE-A529-4F17-A838-92B1EF259FE3}.Debug|Mixed Platforms.Build.0 = Debug|Any CPU
		{834E18DE-A529-4F17-A838-92B1EF259FE3}.Debug|x64.ActiveCfg = Debug|Any CPU
		{834E18DE-A529-4F17-A838-92B1EF259FE3}.Debug|x86.ActiveCfg = Debug|Any CPU
		{834E18DE-A529-4F17-A838-92B1EF259FE3}.Release|Any CPU.ActiveCfg = Release|Any CPU
		{834E18DE-A529-4F17-A838-92B1EF259FE3}.Release|Any CPU.Build.0 = Release|Any CPU
		{834E18DE-A529-4F17-A838-92B1EF259FE3}.Release|ARM.ActiveCfg = Release|Any CPU
		{834E18DE-A529-4F17-A838-92B1EF259FE3}.Release|Mixed Platforms.ActiveCfg = Release|Any CPU
		{834E18DE-A529-4F17-A838-92B1EF259FE3}.Release|Mixed Platforms.Build.0 = Release|Any CPU
		{834E18DE-A529-4F17-A838-92B1EF259FE3}.Release|x64.ActiveCfg = Release|Any CPU
		{834E18DE-A529-4F17-A838-92B1EF259FE3}.Release|x86.ActiveCfg = Release|Any CPU
		{8A6E1D65-C56C-4F71-9991-6AE99E8D5080}.Debug|Any CPU.ActiveCfg = Debug|Any CPU
		{8A6E1D65-C56C-4F71-9991-6AE99E8D5080}.Debug|Any CPU.Build.0 = Debug|Any CPU
		{8A6E1D65-C56C-4F71-9991-6AE99E8D5080}.Debug|ARM.ActiveCfg = Debug|Any CPU
		{8A6E1D65-C56C-4F71-9991-6AE99E8D5080}.Debug|Mixed Platforms.ActiveCfg = Debug|Any CPU
		{8A6E1D65-C56C-4F71-9991-6AE99E8D5080}.Debug|Mixed Platforms.Build.0 = Debug|Any CPU
		{8A6E1D65-C56C-4F71-9991-6AE99E8D5080}.Debug|x64.ActiveCfg = Debug|Any CPU
		{8A6E1D65-C56C-4F71-9991-6AE99E8D5080}.Debug|x86.ActiveCfg = Debug|Any CPU
		{8A6E1D65-C56C-4F71-9991-6AE99E8D5080}.Release|Any CPU.ActiveCfg = Release|Any CPU
		{8A6E1D65-C56C-4F71-9991-6AE99E8D5080}.Release|Any CPU.Build.0 = Release|Any CPU
		{8A6E1D65-C56C-4F71-9991-6AE99E8D5080}.Release|ARM.ActiveCfg = Release|Any CPU
		{8A6E1D65-C56C-4F71-9991-6AE99E8D5080}.Release|Mixed Platforms.ActiveCfg = Release|Any CPU
		{8A6E1D65-C56C-4F71-9991-6AE99E8D5080}.Release|Mixed Platforms.Build.0 = Release|Any CPU
		{8A6E1D65-C56C-4F71-9991-6AE99E8D5080}.Release|x64.ActiveCfg = Release|Any CPU
		{8A6E1D65-C56C-4F71-9991-6AE99E8D5080}.Release|x86.ActiveCfg = Release|Any CPU
		{AA429D02-6020-44F3-8B62-6A5C1AD4FE7D}.Debug|Any CPU.ActiveCfg = Debug|Any CPU
		{AA429D02-6020-44F3-8B62-6A5C1AD4FE7D}.Debug|Any CPU.Build.0 = Debug|Any CPU
		{AA429D02-6020-44F3-8B62-6A5C1AD4FE7D}.Debug|ARM.ActiveCfg = Debug|Any CPU
		{AA429D02-6020-44F3-8B62-6A5C1AD4FE7D}.Debug|Mixed Platforms.ActiveCfg = Debug|Any CPU
		{AA429D02-6020-44F3-8B62-6A5C1AD4FE7D}.Debug|Mixed Platforms.Build.0 = Debug|Any CPU
		{AA429D02-6020-44F3-8B62-6A5C1AD4FE7D}.Debug|x64.ActiveCfg = Debug|Any CPU
		{AA429D02-6020-44F3-8B62-6A5C1AD4FE7D}.Debug|x86.ActiveCfg = Debug|Any CPU
		{AA429D02-6020-44F3-8B62-6A5C1AD4FE7D}.Release|Any CPU.ActiveCfg = Release|Any CPU
		{AA429D02-6020-44F3-8B62-6A5C1AD4FE7D}.Release|Any CPU.Build.0 = Release|Any CPU
		{AA429D02-6020-44F3-8B62-6A5C1AD4FE7D}.Release|ARM.ActiveCfg = Release|Any CPU
		{AA429D02-6020-44F3-8B62-6A5C1AD4FE7D}.Release|Mixed Platforms.ActiveCfg = Release|Any CPU
		{AA429D02-6020-44F3-8B62-6A5C1AD4FE7D}.Release|Mixed Platforms.Build.0 = Release|Any CPU
		{AA429D02-6020-44F3-8B62-6A5C1AD4FE7D}.Release|x64.ActiveCfg = Release|Any CPU
		{AA429D02-6020-44F3-8B62-6A5C1AD4FE7D}.Release|x86.ActiveCfg = Release|Any CPU
		{C329C9AD-95E9-4A10-8A6A-61B5944FC676}.Debug|Any CPU.ActiveCfg = Debug|Any CPU
		{C329C9AD-95E9-4A10-8A6A-61B5944FC676}.Debug|Any CPU.Build.0 = Debug|Any CPU
		{C329C9AD-95E9-4A10-8A6A-61B5944FC676}.Debug|ARM.ActiveCfg = Debug|Any CPU
		{C329C9AD-95E9-4A10-8A6A-61B5944FC676}.Debug|Mixed Platforms.ActiveCfg = Debug|Any CPU
		{C329C9AD-95E9-4A10-8A6A-61B5944FC676}.Debug|Mixed Platforms.Build.0 = Debug|Any CPU
		{C329C9AD-95E9-4A10-8A6A-61B5944FC676}.Debug|x64.ActiveCfg = Debug|Any CPU
		{C329C9AD-95E9-4A10-8A6A-61B5944FC676}.Debug|x86.ActiveCfg = Debug|Any CPU
		{C329C9AD-95E9-4A10-8A6A-61B5944FC676}.Release|Any CPU.ActiveCfg = Release|Any CPU
		{C329C9AD-95E9-4A10-8A6A-61B5944FC676}.Release|Any CPU.Build.0 = Release|Any CPU
		{C329C9AD-95E9-4A10-8A6A-61B5944FC676}.Release|ARM.ActiveCfg = Release|Any CPU
		{C329C9AD-95E9-4A10-8A6A-61B5944FC676}.Release|Mixed Platforms.ActiveCfg = Release|Any CPU
		{C329C9AD-95E9-4A10-8A6A-61B5944FC676}.Release|Mixed Platforms.Build.0 = Release|Any CPU
		{C329C9AD-95E9-4A10-8A6A-61B5944FC676}.Release|x64.ActiveCfg = Release|Any CPU
		{C329C9AD-95E9-4A10-8A6A-61B5944FC676}.Release|x86.ActiveCfg = Release|Any CPU
		{03F9A6F7-F402-4581-B748-FA51BF3B1B82}.Debug|Any CPU.ActiveCfg = Debug|Any CPU
		{03F9A6F7-F402-4581-B748-FA51BF3B1B82}.Debug|Any CPU.Build.0 = Debug|Any CPU
		{03F9A6F7-F402-4581-B748-FA51BF3B1B82}.Debug|ARM.ActiveCfg = Debug|Any CPU
		{03F9A6F7-F402-4581-B748-FA51BF3B1B82}.Debug|Mixed Platforms.ActiveCfg = Debug|Any CPU
		{03F9A6F7-F402-4581-B748-FA51BF3B1B82}.Debug|Mixed Platforms.Build.0 = Debug|Any CPU
		{03F9A6F7-F402-4581-B748-FA51BF3B1B82}.Debug|x64.ActiveCfg = Debug|Any CPU
		{03F9A6F7-F402-4581-B748-FA51BF3B1B82}.Debug|x86.ActiveCfg = Debug|Any CPU
		{03F9A6F7-F402-4581-B748-FA51BF3B1B82}.Release|Any CPU.ActiveCfg = Release|Any CPU
		{03F9A6F7-F402-4581-B748-FA51BF3B1B82}.Release|Any CPU.Build.0 = Release|Any CPU
		{03F9A6F7-F402-4581-B748-FA51BF3B1B82}.Release|ARM.ActiveCfg = Release|Any CPU
		{03F9A6F7-F402-4581-B748-FA51BF3B1B82}.Release|Mixed Platforms.ActiveCfg = Release|Any CPU
		{03F9A6F7-F402-4581-B748-FA51BF3B1B82}.Release|Mixed Platforms.Build.0 = Release|Any CPU
		{03F9A6F7-F402-4581-B748-FA51BF3B1B82}.Release|x64.ActiveCfg = Release|Any CPU
		{03F9A6F7-F402-4581-B748-FA51BF3B1B82}.Release|x86.ActiveCfg = Release|Any CPU
		{E399FDE3-A0DD-4AEA-BBF5-2A16C5E6775B}.Debug|Any CPU.ActiveCfg = Debug|Any CPU
		{E399FDE3-A0DD-4AEA-BBF5-2A16C5E6775B}.Debug|Any CPU.Build.0 = Debug|Any CPU
		{E399FDE3-A0DD-4AEA-BBF5-2A16C5E6775B}.Debug|ARM.ActiveCfg = Debug|Any CPU
		{E399FDE3-A0DD-4AEA-BBF5-2A16C5E6775B}.Debug|Mixed Platforms.ActiveCfg = Debug|Any CPU
		{E399FDE3-A0DD-4AEA-BBF5-2A16C5E6775B}.Debug|Mixed Platforms.Build.0 = Debug|Any CPU
		{E399FDE3-A0DD-4AEA-BBF5-2A16C5E6775B}.Debug|x64.ActiveCfg = Debug|Any CPU
		{E399FDE3-A0DD-4AEA-BBF5-2A16C5E6775B}.Debug|x86.ActiveCfg = Debug|Any CPU
		{E399FDE3-A0DD-4AEA-BBF5-2A16C5E6775B}.Release|Any CPU.ActiveCfg = Release|Any CPU
		{E399FDE3-A0DD-4AEA-BBF5-2A16C5E6775B}.Release|Any CPU.Build.0 = Release|Any CPU
		{E399FDE3-A0DD-4AEA-BBF5-2A16C5E6775B}.Release|ARM.ActiveCfg = Release|Any CPU
		{E399FDE3-A0DD-4AEA-BBF5-2A16C5E6775B}.Release|Mixed Platforms.ActiveCfg = Release|Any CPU
		{E399FDE3-A0DD-4AEA-BBF5-2A16C5E6775B}.Release|Mixed Platforms.Build.0 = Release|Any CPU
		{E399FDE3-A0DD-4AEA-BBF5-2A16C5E6775B}.Release|x64.ActiveCfg = Release|Any CPU
		{E399FDE3-A0DD-4AEA-BBF5-2A16C5E6775B}.Release|x86.ActiveCfg = Release|Any CPU
		{C92C88B0-5268-443B-B32F-CC2A6D686C51}.Debug|Any CPU.ActiveCfg = Debug|Any CPU
		{C92C88B0-5268-443B-B32F-CC2A6D686C51}.Debug|Any CPU.Build.0 = Debug|Any CPU
		{C92C88B0-5268-443B-B32F-CC2A6D686C51}.Debug|ARM.ActiveCfg = Debug|Any CPU
		{C92C88B0-5268-443B-B32F-CC2A6D686C51}.Debug|Mixed Platforms.ActiveCfg = Debug|Any CPU
		{C92C88B0-5268-443B-B32F-CC2A6D686C51}.Debug|Mixed Platforms.Build.0 = Debug|Any CPU
		{C92C88B0-5268-443B-B32F-CC2A6D686C51}.Debug|x64.ActiveCfg = Debug|Any CPU
		{C92C88B0-5268-443B-B32F-CC2A6D686C51}.Debug|x86.ActiveCfg = Debug|Any CPU
		{C92C88B0-5268-443B-B32F-CC2A6D686C51}.Release|Any CPU.ActiveCfg = Release|Any CPU
		{C92C88B0-5268-443B-B32F-CC2A6D686C51}.Release|Any CPU.Build.0 = Release|Any CPU
		{C92C88B0-5268-443B-B32F-CC2A6D686C51}.Release|ARM.ActiveCfg = Release|Any CPU
		{C92C88B0-5268-443B-B32F-CC2A6D686C51}.Release|Mixed Platforms.ActiveCfg = Release|Any CPU
		{C92C88B0-5268-443B-B32F-CC2A6D686C51}.Release|Mixed Platforms.Build.0 = Release|Any CPU
		{C92C88B0-5268-443B-B32F-CC2A6D686C51}.Release|x64.ActiveCfg = Release|Any CPU
		{C92C88B0-5268-443B-B32F-CC2A6D686C51}.Release|x86.ActiveCfg = Release|Any CPU
		{1A55D911-697C-4E3B-8FBC-55388C32F20F}.Debug|Any CPU.ActiveCfg = Debug|Any CPU
		{1A55D911-697C-4E3B-8FBC-55388C32F20F}.Debug|Any CPU.Build.0 = Debug|Any CPU
		{1A55D911-697C-4E3B-8FBC-55388C32F20F}.Debug|ARM.ActiveCfg = Debug|Any CPU
		{1A55D911-697C-4E3B-8FBC-55388C32F20F}.Debug|Mixed Platforms.ActiveCfg = Debug|Any CPU
		{1A55D911-697C-4E3B-8FBC-55388C32F20F}.Debug|Mixed Platforms.Build.0 = Debug|Any CPU
		{1A55D911-697C-4E3B-8FBC-55388C32F20F}.Debug|x64.ActiveCfg = Debug|Any CPU
		{1A55D911-697C-4E3B-8FBC-55388C32F20F}.Debug|x86.ActiveCfg = Debug|Any CPU
		{1A55D911-697C-4E3B-8FBC-55388C32F20F}.Release|Any CPU.ActiveCfg = Release|Any CPU
		{1A55D911-697C-4E3B-8FBC-55388C32F20F}.Release|Any CPU.Build.0 = Release|Any CPU
		{1A55D911-697C-4E3B-8FBC-55388C32F20F}.Release|ARM.ActiveCfg = Release|Any CPU
		{1A55D911-697C-4E3B-8FBC-55388C32F20F}.Release|Mixed Platforms.ActiveCfg = Release|Any CPU
		{1A55D911-697C-4E3B-8FBC-55388C32F20F}.Release|Mixed Platforms.Build.0 = Release|Any CPU
		{1A55D911-697C-4E3B-8FBC-55388C32F20F}.Release|x64.ActiveCfg = Release|Any CPU
		{1A55D911-697C-4E3B-8FBC-55388C32F20F}.Release|x86.ActiveCfg = Release|Any CPU
		{49A6D476-F045-42B3-8FFC-A67B3F9BB073}.Debug|Any CPU.ActiveCfg = Debug|Any CPU
		{49A6D476-F045-42B3-8FFC-A67B3F9BB073}.Debug|Any CPU.Build.0 = Debug|Any CPU
		{49A6D476-F045-42B3-8FFC-A67B3F9BB073}.Debug|ARM.ActiveCfg = Debug|Any CPU
		{49A6D476-F045-42B3-8FFC-A67B3F9BB073}.Debug|Mixed Platforms.ActiveCfg = Debug|Any CPU
		{49A6D476-F045-42B3-8FFC-A67B3F9BB073}.Debug|Mixed Platforms.Build.0 = Debug|Any CPU
		{49A6D476-F045-42B3-8FFC-A67B3F9BB073}.Debug|x64.ActiveCfg = Debug|Any CPU
		{49A6D476-F045-42B3-8FFC-A67B3F9BB073}.Debug|x86.ActiveCfg = Debug|Any CPU
		{49A6D476-F045-42B3-8FFC-A67B3F9BB073}.Release|Any CPU.ActiveCfg = Release|Any CPU
		{49A6D476-F045-42B3-8FFC-A67B3F9BB073}.Release|Any CPU.Build.0 = Release|Any CPU
		{49A6D476-F045-42B3-8FFC-A67B3F9BB073}.Release|ARM.ActiveCfg = Release|Any CPU
		{49A6D476-F045-42B3-8FFC-A67B3F9BB073}.Release|Mixed Platforms.ActiveCfg = Release|Any CPU
		{49A6D476-F045-42B3-8FFC-A67B3F9BB073}.Release|Mixed Platforms.Build.0 = Release|Any CPU
		{49A6D476-F045-42B3-8FFC-A67B3F9BB073}.Release|x64.ActiveCfg = Release|Any CPU
		{49A6D476-F045-42B3-8FFC-A67B3F9BB073}.Release|x86.ActiveCfg = Release|Any CPU
		{638AA873-495C-4DA2-BD59-E767E4E144E2}.Debug|Any CPU.ActiveCfg = Debug|Any CPU
		{638AA873-495C-4DA2-BD59-E767E4E144E2}.Debug|Any CPU.Build.0 = Debug|Any CPU
		{638AA873-495C-4DA2-BD59-E767E4E144E2}.Debug|ARM.ActiveCfg = Debug|Any CPU
		{638AA873-495C-4DA2-BD59-E767E4E144E2}.Debug|Mixed Platforms.ActiveCfg = Debug|Any CPU
		{638AA873-495C-4DA2-BD59-E767E4E144E2}.Debug|Mixed Platforms.Build.0 = Debug|Any CPU
		{638AA873-495C-4DA2-BD59-E767E4E144E2}.Debug|x64.ActiveCfg = Debug|Any CPU
		{638AA873-495C-4DA2-BD59-E767E4E144E2}.Debug|x86.ActiveCfg = Debug|Any CPU
		{638AA873-495C-4DA2-BD59-E767E4E144E2}.Release|Any CPU.ActiveCfg = Release|Any CPU
		{638AA873-495C-4DA2-BD59-E767E4E144E2}.Release|Any CPU.Build.0 = Release|Any CPU
		{638AA873-495C-4DA2-BD59-E767E4E144E2}.Release|ARM.ActiveCfg = Release|Any CPU
		{638AA873-495C-4DA2-BD59-E767E4E144E2}.Release|Mixed Platforms.ActiveCfg = Release|Any CPU
		{638AA873-495C-4DA2-BD59-E767E4E144E2}.Release|Mixed Platforms.Build.0 = Release|Any CPU
		{638AA873-495C-4DA2-BD59-E767E4E144E2}.Release|x64.ActiveCfg = Release|Any CPU
		{638AA873-495C-4DA2-BD59-E767E4E144E2}.Release|x86.ActiveCfg = Release|Any CPU
		{2929B671-2BB6-4FF7-BAD8-AA296C4F6E0C}.Debug|Any CPU.ActiveCfg = Debug|Any CPU
		{2929B671-2BB6-4FF7-BAD8-AA296C4F6E0C}.Debug|Any CPU.Build.0 = Debug|Any CPU
		{2929B671-2BB6-4FF7-BAD8-AA296C4F6E0C}.Debug|ARM.ActiveCfg = Debug|Any CPU
		{2929B671-2BB6-4FF7-BAD8-AA296C4F6E0C}.Debug|Mixed Platforms.ActiveCfg = Debug|Any CPU
		{2929B671-2BB6-4FF7-BAD8-AA296C4F6E0C}.Debug|Mixed Platforms.Build.0 = Debug|Any CPU
		{2929B671-2BB6-4FF7-BAD8-AA296C4F6E0C}.Debug|x64.ActiveCfg = Debug|Any CPU
		{2929B671-2BB6-4FF7-BAD8-AA296C4F6E0C}.Debug|x86.ActiveCfg = Debug|Any CPU
		{2929B671-2BB6-4FF7-BAD8-AA296C4F6E0C}.Release|Any CPU.ActiveCfg = Release|Any CPU
		{2929B671-2BB6-4FF7-BAD8-AA296C4F6E0C}.Release|Any CPU.Build.0 = Release|Any CPU
		{2929B671-2BB6-4FF7-BAD8-AA296C4F6E0C}.Release|ARM.ActiveCfg = Release|Any CPU
		{2929B671-2BB6-4FF7-BAD8-AA296C4F6E0C}.Release|Mixed Platforms.ActiveCfg = Release|Any CPU
		{2929B671-2BB6-4FF7-BAD8-AA296C4F6E0C}.Release|Mixed Platforms.Build.0 = Release|Any CPU
		{2929B671-2BB6-4FF7-BAD8-AA296C4F6E0C}.Release|x64.ActiveCfg = Release|Any CPU
		{2929B671-2BB6-4FF7-BAD8-AA296C4F6E0C}.Release|x86.ActiveCfg = Release|Any CPU
		{7EA73F8E-AB74-4DDA-9C17-8BE953DD16F2}.Debug|Any CPU.ActiveCfg = Debug|Any CPU
		{7EA73F8E-AB74-4DDA-9C17-8BE953DD16F2}.Debug|Any CPU.Build.0 = Debug|Any CPU
		{7EA73F8E-AB74-4DDA-9C17-8BE953DD16F2}.Debug|ARM.ActiveCfg = Debug|Any CPU
		{7EA73F8E-AB74-4DDA-9C17-8BE953DD16F2}.Debug|Mixed Platforms.ActiveCfg = Debug|Any CPU
		{7EA73F8E-AB74-4DDA-9C17-8BE953DD16F2}.Debug|Mixed Platforms.Build.0 = Debug|Any CPU
		{7EA73F8E-AB74-4DDA-9C17-8BE953DD16F2}.Debug|x64.ActiveCfg = Debug|Any CPU
		{7EA73F8E-AB74-4DDA-9C17-8BE953DD16F2}.Debug|x86.ActiveCfg = Debug|Any CPU
		{7EA73F8E-AB74-4DDA-9C17-8BE953DD16F2}.Release|Any CPU.ActiveCfg = Release|Any CPU
		{7EA73F8E-AB74-4DDA-9C17-8BE953DD16F2}.Release|Any CPU.Build.0 = Release|Any CPU
		{7EA73F8E-AB74-4DDA-9C17-8BE953DD16F2}.Release|ARM.ActiveCfg = Release|Any CPU
		{7EA73F8E-AB74-4DDA-9C17-8BE953DD16F2}.Release|Mixed Platforms.ActiveCfg = Release|Any CPU
		{7EA73F8E-AB74-4DDA-9C17-8BE953DD16F2}.Release|Mixed Platforms.Build.0 = Release|Any CPU
		{7EA73F8E-AB74-4DDA-9C17-8BE953DD16F2}.Release|x64.ActiveCfg = Release|Any CPU
		{7EA73F8E-AB74-4DDA-9C17-8BE953DD16F2}.Release|x86.ActiveCfg = Release|Any CPU
		{B98DD3EA-25C3-41BE-8253-206960364CC8}.Debug|Any CPU.ActiveCfg = Debug|Any CPU
		{B98DD3EA-25C3-41BE-8253-206960364CC8}.Debug|ARM.ActiveCfg = Debug|ARM
		{B98DD3EA-25C3-41BE-8253-206960364CC8}.Debug|ARM.Build.0 = Debug|ARM
		{B98DD3EA-25C3-41BE-8253-206960364CC8}.Debug|Mixed Platforms.ActiveCfg = Debug|Any CPU
		{B98DD3EA-25C3-41BE-8253-206960364CC8}.Debug|x64.ActiveCfg = Debug|Any CPU
		{B98DD3EA-25C3-41BE-8253-206960364CC8}.Debug|x86.ActiveCfg = Debug|Any CPU
		{B98DD3EA-25C3-41BE-8253-206960364CC8}.Release|Any CPU.ActiveCfg = Release|Any CPU
		{B98DD3EA-25C3-41BE-8253-206960364CC8}.Release|ARM.ActiveCfg = Release|ARM
		{B98DD3EA-25C3-41BE-8253-206960364CC8}.Release|ARM.Build.0 = Release|ARM
		{B98DD3EA-25C3-41BE-8253-206960364CC8}.Release|Mixed Platforms.ActiveCfg = Release|Any CPU
		{B98DD3EA-25C3-41BE-8253-206960364CC8}.Release|x64.ActiveCfg = Release|Any CPU
		{B98DD3EA-25C3-41BE-8253-206960364CC8}.Release|x86.ActiveCfg = Release|Any CPU
		{FF7075FC-5B0D-43F3-A7AD-C81A217F594D}.Debug|Any CPU.ActiveCfg = Debug|Any CPU
		{FF7075FC-5B0D-43F3-A7AD-C81A217F594D}.Debug|Any CPU.Build.0 = Debug|Any CPU
		{FF7075FC-5B0D-43F3-A7AD-C81A217F594D}.Debug|ARM.ActiveCfg = Debug|Any CPU
		{FF7075FC-5B0D-43F3-A7AD-C81A217F594D}.Debug|Mixed Platforms.ActiveCfg = Debug|Any CPU
		{FF7075FC-5B0D-43F3-A7AD-C81A217F594D}.Debug|Mixed Platforms.Build.0 = Debug|Any CPU
		{FF7075FC-5B0D-43F3-A7AD-C81A217F594D}.Debug|x64.ActiveCfg = Debug|Any CPU
		{FF7075FC-5B0D-43F3-A7AD-C81A217F594D}.Debug|x86.ActiveCfg = Debug|Any CPU
		{FF7075FC-5B0D-43F3-A7AD-C81A217F594D}.Release|Any CPU.ActiveCfg = Release|Any CPU
		{FF7075FC-5B0D-43F3-A7AD-C81A217F594D}.Release|Any CPU.Build.0 = Release|Any CPU
		{FF7075FC-5B0D-43F3-A7AD-C81A217F594D}.Release|ARM.ActiveCfg = Release|Any CPU
		{FF7075FC-5B0D-43F3-A7AD-C81A217F594D}.Release|Mixed Platforms.ActiveCfg = Release|Any CPU
		{FF7075FC-5B0D-43F3-A7AD-C81A217F594D}.Release|Mixed Platforms.Build.0 = Release|Any CPU
		{FF7075FC-5B0D-43F3-A7AD-C81A217F594D}.Release|x64.ActiveCfg = Release|Any CPU
		{FF7075FC-5B0D-43F3-A7AD-C81A217F594D}.Release|x86.ActiveCfg = Release|Any CPU
		{8E13A2AF-DA04-44F3-A097-4D69ADB0592E}.Debug|Any CPU.ActiveCfg = Debug|Any CPU
		{8E13A2AF-DA04-44F3-A097-4D69ADB0592E}.Debug|Any CPU.Build.0 = Debug|Any CPU
		{8E13A2AF-DA04-44F3-A097-4D69ADB0592E}.Debug|ARM.ActiveCfg = Debug|Any CPU
		{8E13A2AF-DA04-44F3-A097-4D69ADB0592E}.Debug|Mixed Platforms.ActiveCfg = Debug|Any CPU
		{8E13A2AF-DA04-44F3-A097-4D69ADB0592E}.Debug|Mixed Platforms.Build.0 = Debug|Any CPU
		{8E13A2AF-DA04-44F3-A097-4D69ADB0592E}.Debug|x64.ActiveCfg = Debug|Any CPU
		{8E13A2AF-DA04-44F3-A097-4D69ADB0592E}.Debug|x86.ActiveCfg = Debug|Any CPU
		{8E13A2AF-DA04-44F3-A097-4D69ADB0592E}.Release|Any CPU.ActiveCfg = Release|Any CPU
		{8E13A2AF-DA04-44F3-A097-4D69ADB0592E}.Release|Any CPU.Build.0 = Release|Any CPU
		{8E13A2AF-DA04-44F3-A097-4D69ADB0592E}.Release|ARM.ActiveCfg = Release|Any CPU
		{8E13A2AF-DA04-44F3-A097-4D69ADB0592E}.Release|Mixed Platforms.ActiveCfg = Release|Any CPU
		{8E13A2AF-DA04-44F3-A097-4D69ADB0592E}.Release|Mixed Platforms.Build.0 = Release|Any CPU
		{8E13A2AF-DA04-44F3-A097-4D69ADB0592E}.Release|x64.ActiveCfg = Release|Any CPU
		{8E13A2AF-DA04-44F3-A097-4D69ADB0592E}.Release|x86.ActiveCfg = Release|Any CPU
	EndGlobalSection
	GlobalSection(SolutionProperties) = preSolution
		HideSolutionNode = FALSE
	EndGlobalSection
EndGlobal
